
Microsoft Visual Studio Solution File, Format Version 12.00
# Visual Studio 14
VisualStudioVersion = 14.0.23107.0
MinimumVisualStudioVersion = 10.0.40219.1
Project("{FAE04EC0-301F-11D3-BF4B-00C04F79EFBC}") = "Learn.CSharpForCLR", "Learn.CSharpForCLR\Learn.CSharpForCLR.csproj", "{DC72A538-0702-4139-B687-AF990CCEF25E}"
EndProject
Project("{FAE04EC0-301F-11D3-BF4B-00C04F79EFBC}") = "Learn.SDK", "Learn.SDK\Learn.SDK.csproj", "{7BA942BD-BCB5-4720-BB29-143897358C83}"
EndProject
Project("{FAE04EC0-301F-11D3-BF4B-00C04F79EFBC}") = "Learn.Web", "Learn.Web\Learn.Web.csproj", "{0242B059-3694-49F7-B886-4767C8ED28DA}"
EndProject
Project("{2150E333-8FDC-42A3-9474-1A3956D46DE8}") = "CLR", "CLR", "{D222E2EA-85C1-40F5-B730-3428321B08CD}"
EndProject
Project("{FAE04EC0-301F-11D3-BF4B-00C04F79EFBC}") = "Learn.Document", "Learn.Document\Learn.Document.csproj", "{613D2DAB-CB13-45D7-8CD6-0CA1872ABC53}"
EndProject
Project("{2150E333-8FDC-42A3-9474-1A3956D46DE8}") = "Javascript", "Javascript", "{CDCEC450-AFB6-4A4A-9183-A0E9BCDA05DA}"
EndProject
Project("{FAE04EC0-301F-11D3-BF4B-00C04F79EFBC}") = "Learn.WinForm", "Learn.WinForm\Learn.WinForm.csproj", "{63CF2B23-858A-4148-8DE3-D4C25A20EF06}"
EndProject
Project("{FAE04EC0-301F-11D3-BF4B-00C04F79EFBC}") = "Learn.Console", "Learn.Console\Learn.Console.csproj", "{18B1FF27-678B-466B-B15A-089F648C131C}"
EndProject
Project("{2150E333-8FDC-42A3-9474-1A3956D46DE8}") = "Lib", "Lib", "{6BDACFC5-EB80-4727-85DB-056671A506BF}"
EndProject
Project("{2150E333-8FDC-42A3-9474-1A3956D46DE8}") = "Redis", "Redis", "{83D8BD93-D33C-45D3-884E-A096FFDE5337}"
	ProjectSection(SolutionItems) = preProject
		lib\Redis\ServiceStack.Common.dll = lib\Redis\ServiceStack.Common.dll
		lib\Redis\ServiceStack.Interfaces.dll = lib\Redis\ServiceStack.Interfaces.dll
		lib\Redis\ServiceStack.Redis.dll = lib\Redis\ServiceStack.Redis.dll
		lib\Redis\ServiceStack.Text.dll = lib\Redis\ServiceStack.Text.dll
	EndProjectSection
EndProject
Project("{2150E333-8FDC-42A3-9474-1A3956D46DE8}") = "RabbitMQ", "RabbitMQ", "{6EB95BBA-61D0-4E29-96ED-B499B4B9A52A}"
	ProjectSection(SolutionItems) = preProject
		..\..\Tesseract\rabbitmq-dotnet-client-3.4.2-dotnet-3.5\bin\RabbitMQ.Client.dll = ..\..\Tesseract\rabbitmq-dotnet-client-3.4.2-dotnet-3.5\bin\RabbitMQ.Client.dll
		..\..\Tesseract\rabbitmq-dotnet-client-3.4.2-dotnet-3.5\bin\RabbitMQ.ServiceModel.dll = ..\..\Tesseract\rabbitmq-dotnet-client-3.4.2-dotnet-3.5\bin\RabbitMQ.ServiceModel.dll
	EndProjectSection
EndProject
Project("{2150E333-8FDC-42A3-9474-1A3956D46DE8}") = "OWIN", "OWIN", "{082E4BDF-CDB1-4594-8976-EE9BD7CCDA67}"
EndProject
Project("{FAE04EC0-301F-11D3-BF4B-00C04F79EFBC}") = "Learn.Owin.Host", "Learn.Owin.Host\Learn.Owin.Host.csproj", "{36B4594F-985D-494C-88D9-F3CD338C35EE}"
EndProject
Project("{FAE04EC0-301F-11D3-BF4B-00C04F79EFBC}") = "Learn.OwinPro", "Learn.OwinPro\Learn.OwinPro.csproj", "{20ED3863-4E1E-4500-AEA3-2491B3C20E11}"
EndProject
Project("{2150E333-8FDC-42A3-9474-1A3956D46DE8}") = "PostSharp", "PostSharp", "{8665409E-A189-456D-9407-5FFB202AAFB0}"
	ProjectSection(SolutionItems) = preProject
		lib\PostSharp\PostSharp.dll = lib\PostSharp\PostSharp.dll
		lib\PostSharp\PostSharp.Laos.dll = lib\PostSharp\PostSharp.Laos.dll
		lib\PostSharp\PostSharp.xml = lib\PostSharp\PostSharp.xml
	EndProjectSection
EndProject
Project("{2150E333-8FDC-42A3-9474-1A3956D46DE8}") = "Signed", "Signed", "{5ED0BE1C-420F-4DCE-8B68-DACE07229952}"
	ProjectSection(SolutionItems) = preProject
		lib\PostSharp\Signed\PostSharp.dll = lib\PostSharp\Signed\PostSharp.dll
	EndProjectSection
EndProject
Project("{2150E333-8FDC-42A3-9474-1A3956D46DE8}") = "STSdb", "STSdb", "{FED6A11F-B72D-48B8-A145-25890E5393DC}"
	ProjectSection(SolutionItems) = preProject
		lib\STSdb4.dll = lib\STSdb4.dll
	EndProjectSection
EndProject
Project("{2150E333-8FDC-42A3-9474-1A3956D46DE8}") = "MVC", "MVC", "{1060CDBE-2696-48C5-97BF-2B38C8A9201F}"
EndProject
Project("{FAE04EC0-301F-11D3-BF4B-00C04F79EFBC}") = "Learn.MvcWeb", "Learn.MvcWeb\Learn.MvcWeb.csproj", "{A4B7C9F8-0D09-4AEA-BFAA-C78D097B9050}"
EndProject
Global
	GlobalSection(SolutionConfigurationPlatforms) = preSolution
		Debug|Any CPU = Debug|Any CPU
		Debug|Mixed Platforms = Debug|Mixed Platforms
		Debug|Win32 = Debug|Win32
		Release|Any CPU = Release|Any CPU
		Release|Mixed Platforms = Release|Mixed Platforms
		Release|Win32 = Release|Win32
	EndGlobalSection
	GlobalSection(ProjectConfigurationPlatforms) = postSolution
		{DC72A538-0702-4139-B687-AF990CCEF25E}.Debug|Any CPU.ActiveCfg = Debug|Any CPU
		{DC72A538-0702-4139-B687-AF990CCEF25E}.Debug|Any CPU.Build.0 = Debug|Any CPU
		{DC72A538-0702-4139-B687-AF990CCEF25E}.Debug|Mixed Platforms.ActiveCfg = Debug|Any CPU
		{DC72A538-0702-4139-B687-AF990CCEF25E}.Debug|Mixed Platforms.Build.0 = Debug|Any CPU
		{DC72A538-0702-4139-B687-AF990CCEF25E}.Debug|Win32.ActiveCfg = Debug|Any CPU
		{DC72A538-0702-4139-B687-AF990CCEF25E}.Release|Any CPU.ActiveCfg = Release|Any CPU
		{DC72A538-0702-4139-B687-AF990CCEF25E}.Release|Any CPU.Build.0 = Release|Any CPU
		{DC72A538-0702-4139-B687-AF990CCEF25E}.Release|Mixed Platforms.ActiveCfg = Release|Any CPU
		{DC72A538-0702-4139-B687-AF990CCEF25E}.Release|Mixed Platforms.Build.0 = Release|Any CPU
		{DC72A538-0702-4139-B687-AF990CCEF25E}.Release|Win32.ActiveCfg = Release|Any CPU
		{7BA942BD-BCB5-4720-BB29-143897358C83}.Debug|Any CPU.ActiveCfg = Debug|Any CPU
		{7BA942BD-BCB5-4720-BB29-143897358C83}.Debug|Any CPU.Build.0 = Debug|Any CPU
		{7BA942BD-BCB5-4720-BB29-143897358C83}.Debug|Mixed Platforms.ActiveCfg = Debug|Any CPU
		{7BA942BD-BCB5-4720-BB29-143897358C83}.Debug|Mixed Platforms.Build.0 = Debug|Any CPU
		{7BA942BD-BCB5-4720-BB29-143897358C83}.Debug|Win32.ActiveCfg = Debug|Any CPU
		{7BA942BD-BCB5-4720-BB29-143897358C83}.Release|Any CPU.ActiveCfg = Release|Any CPU
		{7BA942BD-BCB5-4720-BB29-143897358C83}.Release|Any CPU.Build.0 = Release|Any CPU
		{7BA942BD-BCB5-4720-BB29-143897358C83}.Release|Mixed Platforms.ActiveCfg = Release|Any CPU
		{7BA942BD-BCB5-4720-BB29-143897358C83}.Release|Mixed Platforms.Build.0 = Release|Any CPU
		{7BA942BD-BCB5-4720-BB29-143897358C83}.Release|Win32.ActiveCfg = Release|Any CPU
		{0242B059-3694-49F7-B886-4767C8ED28DA}.Debug|Any CPU.ActiveCfg = Debug|Any CPU
		{0242B059-3694-49F7-B886-4767C8ED28DA}.Debug|Any CPU.Build.0 = Debug|Any CPU
		{0242B059-3694-49F7-B886-4767C8ED28DA}.Debug|Mixed Platforms.ActiveCfg = Debug|Any CPU
		{0242B059-3694-49F7-B886-4767C8ED28DA}.Debug|Mixed Platforms.Build.0 = Debug|Any CPU
		{0242B059-3694-49F7-B886-4767C8ED28DA}.Debug|Win32.ActiveCfg = Debug|Any CPU
		{0242B059-3694-49F7-B886-4767C8ED28DA}.Release|Any CPU.ActiveCfg = Release|Any CPU
		{0242B059-3694-49F7-B886-4767C8ED28DA}.Release|Any CPU.Build.0 = Release|Any CPU
		{0242B059-3694-49F7-B886-4767C8ED28DA}.Release|Mixed Platforms.ActiveCfg = Release|Any CPU
		{0242B059-3694-49F7-B886-4767C8ED28DA}.Release|Mixed Platforms.Build.0 = Release|Any CPU
		{0242B059-3694-49F7-B886-4767C8ED28DA}.Release|Win32.ActiveCfg = Release|Any CPU
		{613D2DAB-CB13-45D7-8CD6-0CA1872ABC53}.Debug|Any CPU.ActiveCfg = Debug|Any CPU
		{613D2DAB-CB13-45D7-8CD6-0CA1872ABC53}.Debug|Any CPU.Build.0 = Debug|Any CPU
		{613D2DAB-CB13-45D7-8CD6-0CA1872ABC53}.Debug|Mixed Platforms.ActiveCfg = Debug|Any CPU
		{613D2DAB-CB13-45D7-8CD6-0CA1872ABC53}.Debug|Mixed Platforms.Build.0 = Debug|Any CPU
		{613D2DAB-CB13-45D7-8CD6-0CA1872ABC53}.Debug|Win32.ActiveCfg = Debug|Any CPU
		{613D2DAB-CB13-45D7-8CD6-0CA1872ABC53}.Release|Any CPU.ActiveCfg = Release|Any CPU
		{613D2DAB-CB13-45D7-8CD6-0CA1872ABC53}.Release|Any CPU.Build.0 = Release|Any CPU
		{613D2DAB-CB13-45D7-8CD6-0CA1872ABC53}.Release|Mixed Platforms.ActiveCfg = Release|Any CPU
		{613D2DAB-CB13-45D7-8CD6-0CA1872ABC53}.Release|Mixed Platforms.Build.0 = Release|Any CPU
		{613D2DAB-CB13-45D7-8CD6-0CA1872ABC53}.Release|Win32.ActiveCfg = Release|Any CPU
		{63CF2B23-858A-4148-8DE3-D4C25A20EF06}.Debug|Any CPU.ActiveCfg = Debug|Any CPU
		{63CF2B23-858A-4148-8DE3-D4C25A20EF06}.Debug|Any CPU.Build.0 = Debug|Any CPU
		{63CF2B23-858A-4148-8DE3-D4C25A20EF06}.Debug|Mixed Platforms.ActiveCfg = Debug|Any CPU
		{63CF2B23-858A-4148-8DE3-D4C25A20EF06}.Debug|Mixed Platforms.Build.0 = Debug|Any CPU
		{63CF2B23-858A-4148-8DE3-D4C25A20EF06}.Debug|Win32.ActiveCfg = Debug|Any CPU
		{63CF2B23-858A-4148-8DE3-D4C25A20EF06}.Release|Any CPU.ActiveCfg = Release|Any CPU
		{63CF2B23-858A-4148-8DE3-D4C25A20EF06}.Release|Any CPU.Build.0 = Release|Any CPU
		{63CF2B23-858A-4148-8DE3-D4C25A20EF06}.Release|Mixed Platforms.ActiveCfg = Release|Any CPU
		{63CF2B23-858A-4148-8DE3-D4C25A20EF06}.Release|Mixed Platforms.Build.0 = Release|Any CPU
		{63CF2B23-858A-4148-8DE3-D4C25A20EF06}.Release|Win32.ActiveCfg = Release|Any CPU
		{18B1FF27-678B-466B-B15A-089F648C131C}.Debug|Any CPU.ActiveCfg = Debug|Any CPU
		{18B1FF27-678B-466B-B15A-089F648C131C}.Debug|Any CPU.Build.0 = Debug|Any CPU
		{18B1FF27-678B-466B-B15A-089F648C131C}.Debug|Mixed Platforms.ActiveCfg = Debug|Any CPU
		{18B1FF27-678B-466B-B15A-089F648C131C}.Debug|Mixed Platforms.Build.0 = Debug|Any CPU
		{18B1FF27-678B-466B-B15A-089F648C131C}.Debug|Win32.ActiveCfg = Debug|Any CPU
		{18B1FF27-678B-466B-B15A-089F648C131C}.Release|Any CPU.ActiveCfg = Release|Any CPU
		{18B1FF27-678B-466B-B15A-089F648C131C}.Release|Any CPU.Build.0 = Release|Any CPU
		{18B1FF27-678B-466B-B15A-089F648C131C}.Release|Mixed Platforms.ActiveCfg = Release|Any CPU
		{18B1FF27-678B-466B-B15A-089F648C131C}.Release|Mixed Platforms.Build.0 = Release|Any CPU
		{18B1FF27-678B-466B-B15A-089F648C131C}.Release|Win32.ActiveCfg = Release|Any CPU
		{36B4594F-985D-494C-88D9-F3CD338C35EE}.Debug|Any CPU.ActiveCfg = Debug|Any CPU
		{36B4594F-985D-494C-88D9-F3CD338C35EE}.Debug|Any CPU.Build.0 = Debug|Any CPU
		{36B4594F-985D-494C-88D9-F3CD338C35EE}.Debug|Mixed Platforms.ActiveCfg = Debug|Any CPU
		{36B4594F-985D-494C-88D9-F3CD338C35EE}.Debug|Mixed Platforms.Build.0 = Debug|Any CPU
		{36B4594F-985D-494C-88D9-F3CD338C35EE}.Debug|Win32.ActiveCfg = Debug|Any CPU
		{36B4594F-985D-494C-88D9-F3CD338C35EE}.Debug|Win32.Build.0 = Debug|Any CPU
		{36B4594F-985D-494C-88D9-F3CD338C35EE}.Release|Any CPU.ActiveCfg = Release|Any CPU
		{36B4594F-985D-494C-88D9-F3CD338C35EE}.Release|Any CPU.Build.0 = Release|Any CPU
		{36B4594F-985D-494C-88D9-F3CD338C35EE}.Release|Mixed Platforms.ActiveCfg = Release|Any CPU
		{36B4594F-985D-494C-88D9-F3CD338C35EE}.Release|Mixed Platforms.Build.0 = Release|Any CPU
		{36B4594F-985D-494C-88D9-F3CD338C35EE}.Release|Win32.ActiveCfg = Release|Any CPU
		{36B4594F-985D-494C-88D9-F3CD338C35EE}.Release|Win32.Build.0 = Release|Any CPU
		{20ED3863-4E1E-4500-AEA3-2491B3C20E11}.Debug|Any CPU.ActiveCfg = Debug|Any CPU
		{20ED3863-4E1E-4500-AEA3-2491B3C20E11}.Debug|Any CPU.Build.0 = Debug|Any CPU
		{20ED3863-4E1E-4500-AEA3-2491B3C20E11}.Debug|Mixed Platforms.ActiveCfg = Debug|Any CPU
		{20ED3863-4E1E-4500-AEA3-2491B3C20E11}.Debug|Mixed Platforms.Build.0 = Debug|Any CPU
		{20ED3863-4E1E-4500-AEA3-2491B3C20E11}.Debug|Win32.ActiveCfg = Debug|Any CPU
		{20ED3863-4E1E-4500-AEA3-2491B3C20E11}.Debug|Win32.Build.0 = Debug|Any CPU
		{20ED3863-4E1E-4500-AEA3-2491B3C20E11}.Release|Any CPU.ActiveCfg = Release|Any CPU
		{20ED3863-4E1E-4500-AEA3-2491B3C20E11}.Release|Any CPU.Build.0 = Release|Any CPU
		{20ED3863-4E1E-4500-AEA3-2491B3C20E11}.Release|Mixed Platforms.ActiveCfg = Release|Any CPU
		{20ED3863-4E1E-4500-AEA3-2491B3C20E11}.Release|Mixed Platforms.Build.0 = Release|Any CPU
		{20ED3863-4E1E-4500-AEA3-2491B3C20E11}.Release|Win32.ActiveCfg = Release|Any CPU
		{20ED3863-4E1E-4500-AEA3-2491B3C20E11}.Release|Win32.Build.0 = Release|Any CPU
		{A4B7C9F8-0D09-4AEA-BFAA-C78D097B9050}.Debug|Any CPU.ActiveCfg = Debug|Any CPU
		{A4B7C9F8-0D09-4AEA-BFAA-C78D097B9050}.Debug|Any CPU.Build.0 = Debug|Any CPU
		{A4B7C9F8-0D09-4AEA-BFAA-C78D097B9050}.Debug|Mixed Platforms.ActiveCfg = Debug|Any CPU
		{A4B7C9F8-0D09-4AEA-BFAA-C78D097B9050}.Debug|Mixed Platforms.Build.0 = Debug|Any CPU
		{A4B7C9F8-0D09-4AEA-BFAA-C78D097B9050}.Debug|Win32.ActiveCfg = Debug|Any CPU
		{A4B7C9F8-0D09-4AEA-BFAA-C78D097B9050}.Debug|Win32.Build.0 = Debug|Any CPU
		{A4B7C9F8-0D09-4AEA-BFAA-C78D097B9050}.Release|Any CPU.ActiveCfg = Release|Any CPU
		{A4B7C9F8-0D09-4AEA-BFAA-C78D097B9050}.Release|Any CPU.Build.0 = Release|Any CPU
		{A4B7C9F8-0D09-4AEA-BFAA-C78D097B9050}.Release|Mixed Platforms.ActiveCfg = Release|Any CPU
		{A4B7C9F8-0D09-4AEA-BFAA-C78D097B9050}.Release|Mixed Platforms.Build.0 = Release|Any CPU
		{A4B7C9F8-0D09-4AEA-BFAA-C78D097B9050}.Release|Win32.ActiveCfg = Release|Any CPU
		{A4B7C9F8-0D09-4AEA-BFAA-C78D097B9050}.Release|Win32.Build.0 = Release|Any CPU
	EndGlobalSection
	GlobalSection(SolutionProperties) = preSolution
		HideSolutionNode = FALSE
	EndGlobalSection
	GlobalSection(NestedProjects) = preSolution
		{DC72A538-0702-4139-B687-AF990CCEF25E} = {D222E2EA-85C1-40F5-B730-3428321B08CD}
		{7BA942BD-BCB5-4720-BB29-143897358C83} = {D222E2EA-85C1-40F5-B730-3428321B08CD}
		{0242B059-3694-49F7-B886-4767C8ED28DA} = {CDCEC450-AFB6-4A4A-9183-A0E9BCDA05DA}
		{63CF2B23-858A-4148-8DE3-D4C25A20EF06} = {D222E2EA-85C1-40F5-B730-3428321B08CD}
		{18B1FF27-678B-466B-B15A-089F648C131C} = {D222E2EA-85C1-40F5-B730-3428321B08CD}
		{83D8BD93-D33C-45D3-884E-A096FFDE5337} = {6BDACFC5-EB80-4727-85DB-056671A506BF}
		{6EB95BBA-61D0-4E29-96ED-B499B4B9A52A} = {6BDACFC5-EB80-4727-85DB-056671A506BF}
		{36B4594F-985D-494C-88D9-F3CD338C35EE} = {082E4BDF-CDB1-4594-8976-EE9BD7CCDA67}
		{20ED3863-4E1E-4500-AEA3-2491B3C20E11} = {082E4BDF-CDB1-4594-8976-EE9BD7CCDA67}
		{8665409E-A189-456D-9407-5FFB202AAFB0} = {6BDACFC5-EB80-4727-85DB-056671A506BF}
		{5ED0BE1C-420F-4DCE-8B68-DACE07229952} = {8665409E-A189-456D-9407-5FFB202AAFB0}
		{FED6A11F-B72D-48B8-A145-25890E5393DC} = {6BDACFC5-EB80-4727-85DB-056671A506BF}
		{A4B7C9F8-0D09-4AEA-BFAA-C78D097B9050} = {1060CDBE-2696-48C5-97BF-2B38C8A9201F}
	EndGlobalSection
EndGlobal
