
Microsoft Visual Studio Solution File, Format Version 12.00
# Visual Studio 14
VisualStudioVersion = 14.0.23107.0
MinimumVisualStudioVersion = 10.0.40219.1
Project("{FAE04EC0-301F-11D3-BF4B-00C04F79EFBC}") = "Learn.CSharpForCLR", "Learn.CSharpForCLR\Learn.CSharpForCLR.csproj", "{DC72A538-0702-4139-B687-AF990CCEF25E}"
EndProject
Project("{FAE04EC0-301F-11D3-BF4B-00C04F79EFBC}") = "Learn.SDK", "Learn.SDK\Learn.SDK.csproj", "{7BA942BD-BCB5-4720-BB29-143897358C83}"
EndProject
Project("{FAE04EC0-301F-11D3-BF4B-00C04F79EFBC}") = "Learn.Web", "Learn.Web\Learn.Web.csproj", "{0242B059-3694-49F7-B886-4767C8ED28DA}"
EndProject
Project("{FAE04EC0-301F-11D3-BF4B-00C04F79EFBC}") = "ThirdPartySDK", "ThirdPartySDK\ThirdPartySDK.csproj", "{C793F521-3A5F-432C-B1A2-9468F22BCCFA}"
EndProject
Project("{2150E333-8FDC-42A3-9474-1A3956D46DE8}") = "CLR", "CLR", "{D222E2EA-85C1-40F5-B730-3428321B08CD}"
EndProject
Project("{FAE04EC0-301F-11D3-BF4B-00C04F79EFBC}") = "Learn.Document", "Learn.Document\Learn.Document.csproj", "{613D2DAB-CB13-45D7-8CD6-0CA1872ABC53}"
EndProject
Project("{FAE04EC0-301F-11D3-BF4B-00C04F79EFBC}") = "Learn.MVCTest", "Learn.MVCTest\Learn.MVCTest.csproj", "{3C9FF356-D51C-4B63-932D-FCBA6C5CF0D2}"
EndProject
Project("{2150E333-8FDC-42A3-9474-1A3956D46DE8}") = "Javascript", "Javascript", "{CDCEC450-AFB6-4A4A-9183-A0E9BCDA05DA}"
EndProject
Project("{FAE04EC0-301F-11D3-BF4B-00C04F79EFBC}") = "Learn.Server", "Learn.Server\Learn.Server.csproj", "{10D9151B-BA87-487A-A82A-F04245F3F2B0}"
EndProject
Project("{FAE04EC0-301F-11D3-BF4B-00C04F79EFBC}") = "Learn.Client", "Learn.Client\Learn.Client.csproj", "{2FECC649-EB5A-47DC-B65C-DFF31AE80C1B}"
EndProject
Project("{FAE04EC0-301F-11D3-BF4B-00C04F79EFBC}") = "Learn.WinForm", "Learn.WinForm\Learn.WinForm.csproj", "{63CF2B23-858A-4148-8DE3-D4C25A20EF06}"
EndProject
Project("{FAE04EC0-301F-11D3-BF4B-00C04F79EFBC}") = "Learn.Console", "Learn.Console\Learn.Console.csproj", "{18B1FF27-678B-466B-B15A-089F648C131C}"
EndProject
Project("{FAE04EC0-301F-11D3-BF4B-00C04F79EFBC}") = "Learn.Algorithm", "Learn.Algorithm\Learn.Algorithm.csproj", "{70129802-CF52-4EA5-A66B-978FEE685993}"
EndProject
Project("{2150E333-8FDC-42A3-9474-1A3956D46DE8}") = "算法", "算法", "{56215BF1-C233-40B4-A3DA-2A5C0AFA94AE}"
EndProject
Project("{2150E333-8FDC-42A3-9474-1A3956D46DE8}") = "线程异步", "线程异步", "{19DFE03C-1419-4726-BE39-3F3D595FE0EA}"
EndProject
Project("{2150E333-8FDC-42A3-9474-1A3956D46DE8}") = "平台", "平台", "{FCB0B09B-15BD-4B0D-8447-A8F565179035}"
EndProject
Project("{2150E333-8FDC-42A3-9474-1A3956D46DE8}") = "SDK", "SDK", "{398AE864-2C12-43C2-B863-7D4FAC04D961}"
EndProject
Project("{2150E333-8FDC-42A3-9474-1A3956D46DE8}") = "Lib", "Lib", "{6BDACFC5-EB80-4727-85DB-056671A506BF}"
EndProject
Project("{2150E333-8FDC-42A3-9474-1A3956D46DE8}") = "Redis", "Redis", "{83D8BD93-D33C-45D3-884E-A096FFDE5337}"
	ProjectSection(SolutionItems) = preProject
		lib\Redis\ServiceStack.Common.dll = lib\Redis\ServiceStack.Common.dll
		lib\Redis\ServiceStack.Interfaces.dll = lib\Redis\ServiceStack.Interfaces.dll
		lib\Redis\ServiceStack.Redis.dll = lib\Redis\ServiceStack.Redis.dll
		lib\Redis\ServiceStack.Text.dll = lib\Redis\ServiceStack.Text.dll
	EndProjectSection
EndProject
Project("{2150E333-8FDC-42A3-9474-1A3956D46DE8}") = "SOA", "SOA", "{50ECEEDB-C48D-45F1-9473-5C857F99D923}"
EndProject
Project("{FAE04EC0-301F-11D3-BF4B-00C04F79EFBC}") = "WCF.Service", "WCF.Service\WCF.Service.csproj", "{7874BCE0-4312-407C-9D36-6F8B37AF6B15}"
EndProject
Project("{FAE04EC0-301F-11D3-BF4B-00C04F79EFBC}") = "WCF.Client", "WCF.Client\WCF.Client.csproj", "{C88F7530-27EC-4CC5-B0D4-43349BA0E445}"
EndProject
Project("{FAE04EC0-301F-11D3-BF4B-00C04F79EFBC}") = "WCF.Hosting", "WCF.Hosting\WCF.Hosting.csproj", "{C512446B-3A1B-4508-B930-3AFCB770B9D1}"
EndProject
Project("{FAE04EC0-301F-11D3-BF4B-00C04F79EFBC}") = "WCF.Service.Interface", "WCF.Service.Interface\WCF.Service.Interface.csproj", "{BC60D6DA-3466-4391-908C-229F84749627}"
EndProject
Project("{FAE04EC0-301F-11D3-BF4B-00C04F79EFBC}") = "WCF.Client2", "WCF.Client2\WCF.Client2.csproj", "{BE929749-51AE-4233-BB48-8BBAB1F8DE52}"
EndProject
Project("{FAE04EC0-301F-11D3-BF4B-00C04F79EFBC}") = "WCF.Hosting.Web", "WCF.Hosting.Web\WCF.Hosting.Web.csproj", "{86ED667B-D20C-4DFA-91BC-F9A4FEC119CA}"
EndProject
Project("{FAE04EC0-301F-11D3-BF4B-00C04F79EFBC}") = "Learn.Framework", "Learn.Framework\Learn.Framework.csproj", "{1C99416C-57C5-4C5C-87C1-3473A8FB2CBA}"
EndProject
Project("{2150E333-8FDC-42A3-9474-1A3956D46DE8}") = "RabbitMQ", "RabbitMQ", "{6EB95BBA-61D0-4E29-96ED-B499B4B9A52A}"
	ProjectSection(SolutionItems) = preProject
		..\..\Tesseract\rabbitmq-dotnet-client-3.4.2-dotnet-3.5\bin\RabbitMQ.Client.dll = ..\..\Tesseract\rabbitmq-dotnet-client-3.4.2-dotnet-3.5\bin\RabbitMQ.Client.dll
		..\..\Tesseract\rabbitmq-dotnet-client-3.4.2-dotnet-3.5\bin\RabbitMQ.ServiceModel.dll = ..\..\Tesseract\rabbitmq-dotnet-client-3.4.2-dotnet-3.5\bin\RabbitMQ.ServiceModel.dll
	EndProjectSection
EndProject
Project("{2150E333-8FDC-42A3-9474-1A3956D46DE8}") = "RabbitMQ", "RabbitMQ", "{02F7F265-9973-4C7D-B554-C5DD1D8C8176}"
EndProject
Project("{FAE04EC0-301F-11D3-BF4B-00C04F79EFBC}") = "RabbitClient", "RabbitClient\RabbitClient.csproj", "{1A993889-DCC2-4807-A645-1C9ED77BA8CF}"
EndProject
Project("{FAE04EC0-301F-11D3-BF4B-00C04F79EFBC}") = "RabbitService", "RabbitService\RabbitService.csproj", "{B3E86D9D-5120-4F3E-B064-D58476AFCE2E}"
EndProject
Project("{FAE04EC0-301F-11D3-BF4B-00C04F79EFBC}") = "WCF.SDK", "WCF.SDK\WCF.SDK.csproj", "{0AE999CC-B473-4B3F-83C4-5B288DD49E48}"
EndProject
Project("{FAE04EC0-301F-11D3-BF4B-00C04F79EFBC}") = "WCF.Trans", "WCF.Trans\WCF.Trans.csproj", "{32F25CAB-AD41-4310-AA70-73B1485B395F}"
EndProject
Project("{2150E333-8FDC-42A3-9474-1A3956D46DE8}") = "OWIN", "OWIN", "{082E4BDF-CDB1-4594-8976-EE9BD7CCDA67}"
EndProject
Project("{FAE04EC0-301F-11D3-BF4B-00C04F79EFBC}") = "Learn.Owin.Host", "Learn.Owin.Host\Learn.Owin.Host.csproj", "{36B4594F-985D-494C-88D9-F3CD338C35EE}"
EndProject
Project("{FAE04EC0-301F-11D3-BF4B-00C04F79EFBC}") = "Learn.OwinPro", "Learn.OwinPro\Learn.OwinPro.csproj", "{20ED3863-4E1E-4500-AEA3-2491B3C20E11}"
EndProject
Project("{FAE04EC0-301F-11D3-BF4B-00C04F79EFBC}") = "RabbitMQ.Common", "RabbitMQ.Common\RabbitMQ.Common.csproj", "{5769DCB6-0E9C-4B20-AB7F-5E35D026F1DA}"
EndProject
Project("{FAE04EC0-301F-11D3-BF4B-00C04F79EFBC}") = "Learn.WebForm", "Learn.WebForm\Learn.WebForm.csproj", "{006C9039-8BAF-4D79-9C2A-6BDD1B6F1515}"
EndProject
Project("{2150E333-8FDC-42A3-9474-1A3956D46DE8}") = "AOP", "AOP", "{5197E2F6-06FE-4ABF-ACD4-FFA91F2043FD}"
EndProject
Project("{FAE04EC0-301F-11D3-BF4B-00C04F79EFBC}") = "Newbie.AOP", "Newbie.AOP\Newbie.AOP.csproj", "{7507C9F1-2640-4AF1-B7CC-71E28AB6C54C}"
EndProject
Global
	GlobalSection(SolutionConfigurationPlatforms) = preSolution
		Debug|Any CPU = Debug|Any CPU
		Debug|Mixed Platforms = Debug|Mixed Platforms
		Debug|Win32 = Debug|Win32
		Release|Any CPU = Release|Any CPU
		Release|Mixed Platforms = Release|Mixed Platforms
		Release|Win32 = Release|Win32
	EndGlobalSection
	GlobalSection(ProjectConfigurationPlatforms) = postSolution
		{DC72A538-0702-4139-B687-AF990CCEF25E}.Debug|Any CPU.ActiveCfg = Debug|Any CPU
		{DC72A538-0702-4139-B687-AF990CCEF25E}.Debug|Any CPU.Build.0 = Debug|Any CPU
		{DC72A538-0702-4139-B687-AF990CCEF25E}.Debug|Mixed Platforms.ActiveCfg = Debug|Any CPU
		{DC72A538-0702-4139-B687-AF990CCEF25E}.Debug|Mixed Platforms.Build.0 = Debug|Any CPU
		{DC72A538-0702-4139-B687-AF990CCEF25E}.Debug|Win32.ActiveCfg = Debug|Any CPU
		{DC72A538-0702-4139-B687-AF990CCEF25E}.Release|Any CPU.ActiveCfg = Release|Any CPU
		{DC72A538-0702-4139-B687-AF990CCEF25E}.Release|Any CPU.Build.0 = Release|Any CPU
		{DC72A538-0702-4139-B687-AF990CCEF25E}.Release|Mixed Platforms.ActiveCfg = Release|Any CPU
		{DC72A538-0702-4139-B687-AF990CCEF25E}.Release|Mixed Platforms.Build.0 = Release|Any CPU
		{DC72A538-0702-4139-B687-AF990CCEF25E}.Release|Win32.ActiveCfg = Release|Any CPU
		{7BA942BD-BCB5-4720-BB29-143897358C83}.Debug|Any CPU.ActiveCfg = Debug|Any CPU
		{7BA942BD-BCB5-4720-BB29-143897358C83}.Debug|Any CPU.Build.0 = Debug|Any CPU
		{7BA942BD-BCB5-4720-BB29-143897358C83}.Debug|Mixed Platforms.ActiveCfg = Debug|Any CPU
		{7BA942BD-BCB5-4720-BB29-143897358C83}.Debug|Mixed Platforms.Build.0 = Debug|Any CPU
		{7BA942BD-BCB5-4720-BB29-143897358C83}.Debug|Win32.ActiveCfg = Debug|Any CPU
		{7BA942BD-BCB5-4720-BB29-143897358C83}.Release|Any CPU.ActiveCfg = Release|Any CPU
		{7BA942BD-BCB5-4720-BB29-143897358C83}.Release|Any CPU.Build.0 = Release|Any CPU
		{7BA942BD-BCB5-4720-BB29-143897358C83}.Release|Mixed Platforms.ActiveCfg = Release|Any CPU
		{7BA942BD-BCB5-4720-BB29-143897358C83}.Release|Mixed Platforms.Build.0 = Release|Any CPU
		{7BA942BD-BCB5-4720-BB29-143897358C83}.Release|Win32.ActiveCfg = Release|Any CPU
		{0242B059-3694-49F7-B886-4767C8ED28DA}.Debug|Any CPU.ActiveCfg = Debug|Any CPU
		{0242B059-3694-49F7-B886-4767C8ED28DA}.Debug|Any CPU.Build.0 = Debug|Any CPU
		{0242B059-3694-49F7-B886-4767C8ED28DA}.Debug|Mixed Platforms.ActiveCfg = Debug|Any CPU
		{0242B059-3694-49F7-B886-4767C8ED28DA}.Debug|Mixed Platforms.Build.0 = Debug|Any CPU
		{0242B059-3694-49F7-B886-4767C8ED28DA}.Debug|Win32.ActiveCfg = Debug|Any CPU
		{0242B059-3694-49F7-B886-4767C8ED28DA}.Release|Any CPU.ActiveCfg = Release|Any CPU
		{0242B059-3694-49F7-B886-4767C8ED28DA}.Release|Any CPU.Build.0 = Release|Any CPU
		{0242B059-3694-49F7-B886-4767C8ED28DA}.Release|Mixed Platforms.ActiveCfg = Release|Any CPU
		{0242B059-3694-49F7-B886-4767C8ED28DA}.Release|Mixed Platforms.Build.0 = Release|Any CPU
		{0242B059-3694-49F7-B886-4767C8ED28DA}.Release|Win32.ActiveCfg = Release|Any CPU
		{C793F521-3A5F-432C-B1A2-9468F22BCCFA}.Debug|Any CPU.ActiveCfg = Debug|Any CPU
		{C793F521-3A5F-432C-B1A2-9468F22BCCFA}.Debug|Any CPU.Build.0 = Debug|Any CPU
		{C793F521-3A5F-432C-B1A2-9468F22BCCFA}.Debug|Mixed Platforms.ActiveCfg = Debug|Any CPU
		{C793F521-3A5F-432C-B1A2-9468F22BCCFA}.Debug|Mixed Platforms.Build.0 = Debug|Any CPU
		{C793F521-3A5F-432C-B1A2-9468F22BCCFA}.Debug|Win32.ActiveCfg = Debug|Any CPU
		{C793F521-3A5F-432C-B1A2-9468F22BCCFA}.Release|Any CPU.ActiveCfg = Release|Any CPU
		{C793F521-3A5F-432C-B1A2-9468F22BCCFA}.Release|Any CPU.Build.0 = Release|Any CPU
		{C793F521-3A5F-432C-B1A2-9468F22BCCFA}.Release|Mixed Platforms.ActiveCfg = Release|Any CPU
		{C793F521-3A5F-432C-B1A2-9468F22BCCFA}.Release|Mixed Platforms.Build.0 = Release|Any CPU
		{C793F521-3A5F-432C-B1A2-9468F22BCCFA}.Release|Win32.ActiveCfg = Release|Any CPU
		{613D2DAB-CB13-45D7-8CD6-0CA1872ABC53}.Debug|Any CPU.ActiveCfg = Debug|Any CPU
		{613D2DAB-CB13-45D7-8CD6-0CA1872ABC53}.Debug|Any CPU.Build.0 = Debug|Any CPU
		{613D2DAB-CB13-45D7-8CD6-0CA1872ABC53}.Debug|Mixed Platforms.ActiveCfg = Debug|Any CPU
		{613D2DAB-CB13-45D7-8CD6-0CA1872ABC53}.Debug|Mixed Platforms.Build.0 = Debug|Any CPU
		{613D2DAB-CB13-45D7-8CD6-0CA1872ABC53}.Debug|Win32.ActiveCfg = Debug|Any CPU
		{613D2DAB-CB13-45D7-8CD6-0CA1872ABC53}.Release|Any CPU.ActiveCfg = Release|Any CPU
		{613D2DAB-CB13-45D7-8CD6-0CA1872ABC53}.Release|Any CPU.Build.0 = Release|Any CPU
		{613D2DAB-CB13-45D7-8CD6-0CA1872ABC53}.Release|Mixed Platforms.ActiveCfg = Release|Any CPU
		{613D2DAB-CB13-45D7-8CD6-0CA1872ABC53}.Release|Mixed Platforms.Build.0 = Release|Any CPU
		{613D2DAB-CB13-45D7-8CD6-0CA1872ABC53}.Release|Win32.ActiveCfg = Release|Any CPU
		{3C9FF356-D51C-4B63-932D-FCBA6C5CF0D2}.Debug|Any CPU.ActiveCfg = Debug|Any CPU
		{3C9FF356-D51C-4B63-932D-FCBA6C5CF0D2}.Debug|Any CPU.Build.0 = Debug|Any CPU
		{3C9FF356-D51C-4B63-932D-FCBA6C5CF0D2}.Debug|Mixed Platforms.ActiveCfg = Debug|Any CPU
		{3C9FF356-D51C-4B63-932D-FCBA6C5CF0D2}.Debug|Mixed Platforms.Build.0 = Debug|Any CPU
		{3C9FF356-D51C-4B63-932D-FCBA6C5CF0D2}.Debug|Win32.ActiveCfg = Debug|Any CPU
		{3C9FF356-D51C-4B63-932D-FCBA6C5CF0D2}.Release|Any CPU.ActiveCfg = Release|Any CPU
		{3C9FF356-D51C-4B63-932D-FCBA6C5CF0D2}.Release|Any CPU.Build.0 = Release|Any CPU
		{3C9FF356-D51C-4B63-932D-FCBA6C5CF0D2}.Release|Mixed Platforms.ActiveCfg = Release|Any CPU
		{3C9FF356-D51C-4B63-932D-FCBA6C5CF0D2}.Release|Mixed Platforms.Build.0 = Release|Any CPU
		{3C9FF356-D51C-4B63-932D-FCBA6C5CF0D2}.Release|Win32.ActiveCfg = Release|Any CPU
		{10D9151B-BA87-487A-A82A-F04245F3F2B0}.Debug|Any CPU.ActiveCfg = Debug|Any CPU
		{10D9151B-BA87-487A-A82A-F04245F3F2B0}.Debug|Any CPU.Build.0 = Debug|Any CPU
		{10D9151B-BA87-487A-A82A-F04245F3F2B0}.Debug|Mixed Platforms.ActiveCfg = Debug|Any CPU
		{10D9151B-BA87-487A-A82A-F04245F3F2B0}.Debug|Mixed Platforms.Build.0 = Debug|Any CPU
		{10D9151B-BA87-487A-A82A-F04245F3F2B0}.Debug|Win32.ActiveCfg = Debug|Any CPU
		{10D9151B-BA87-487A-A82A-F04245F3F2B0}.Release|Any CPU.ActiveCfg = Release|Any CPU
		{10D9151B-BA87-487A-A82A-F04245F3F2B0}.Release|Any CPU.Build.0 = Release|Any CPU
		{10D9151B-BA87-487A-A82A-F04245F3F2B0}.Release|Mixed Platforms.ActiveCfg = Release|Any CPU
		{10D9151B-BA87-487A-A82A-F04245F3F2B0}.Release|Mixed Platforms.Build.0 = Release|Any CPU
		{10D9151B-BA87-487A-A82A-F04245F3F2B0}.Release|Win32.ActiveCfg = Release|Any CPU
		{2FECC649-EB5A-47DC-B65C-DFF31AE80C1B}.Debug|Any CPU.ActiveCfg = Debug|Any CPU
		{2FECC649-EB5A-47DC-B65C-DFF31AE80C1B}.Debug|Any CPU.Build.0 = Debug|Any CPU
		{2FECC649-EB5A-47DC-B65C-DFF31AE80C1B}.Debug|Mixed Platforms.ActiveCfg = Debug|Any CPU
		{2FECC649-EB5A-47DC-B65C-DFF31AE80C1B}.Debug|Mixed Platforms.Build.0 = Debug|Any CPU
		{2FECC649-EB5A-47DC-B65C-DFF31AE80C1B}.Debug|Win32.ActiveCfg = Debug|Any CPU
		{2FECC649-EB5A-47DC-B65C-DFF31AE80C1B}.Release|Any CPU.ActiveCfg = Release|Any CPU
		{2FECC649-EB5A-47DC-B65C-DFF31AE80C1B}.Release|Any CPU.Build.0 = Release|Any CPU
		{2FECC649-EB5A-47DC-B65C-DFF31AE80C1B}.Release|Mixed Platforms.ActiveCfg = Release|Any CPU
		{2FECC649-EB5A-47DC-B65C-DFF31AE80C1B}.Release|Mixed Platforms.Build.0 = Release|Any CPU
		{2FECC649-EB5A-47DC-B65C-DFF31AE80C1B}.Release|Win32.ActiveCfg = Release|Any CPU
		{63CF2B23-858A-4148-8DE3-D4C25A20EF06}.Debug|Any CPU.ActiveCfg = Debug|Any CPU
		{63CF2B23-858A-4148-8DE3-D4C25A20EF06}.Debug|Any CPU.Build.0 = Debug|Any CPU
		{63CF2B23-858A-4148-8DE3-D4C25A20EF06}.Debug|Mixed Platforms.ActiveCfg = Debug|Any CPU
		{63CF2B23-858A-4148-8DE3-D4C25A20EF06}.Debug|Mixed Platforms.Build.0 = Debug|Any CPU
		{63CF2B23-858A-4148-8DE3-D4C25A20EF06}.Debug|Win32.ActiveCfg = Debug|Any CPU
		{63CF2B23-858A-4148-8DE3-D4C25A20EF06}.Release|Any CPU.ActiveCfg = Release|Any CPU
		{63CF2B23-858A-4148-8DE3-D4C25A20EF06}.Release|Any CPU.Build.0 = Release|Any CPU
		{63CF2B23-858A-4148-8DE3-D4C25A20EF06}.Release|Mixed Platforms.ActiveCfg = Release|Any CPU
		{63CF2B23-858A-4148-8DE3-D4C25A20EF06}.Release|Mixed Platforms.Build.0 = Release|Any CPU
		{63CF2B23-858A-4148-8DE3-D4C25A20EF06}.Release|Win32.ActiveCfg = Release|Any CPU
		{18B1FF27-678B-466B-B15A-089F648C131C}.Debug|Any CPU.ActiveCfg = Debug|Any CPU
		{18B1FF27-678B-466B-B15A-089F648C131C}.Debug|Any CPU.Build.0 = Debug|Any CPU
		{18B1FF27-678B-466B-B15A-089F648C131C}.Debug|Mixed Platforms.ActiveCfg = Debug|Any CPU
		{18B1FF27-678B-466B-B15A-089F648C131C}.Debug|Mixed Platforms.Build.0 = Debug|Any CPU
		{18B1FF27-678B-466B-B15A-089F648C131C}.Debug|Win32.ActiveCfg = Debug|Any CPU
		{18B1FF27-678B-466B-B15A-089F648C131C}.Release|Any CPU.ActiveCfg = Release|Any CPU
		{18B1FF27-678B-466B-B15A-089F648C131C}.Release|Any CPU.Build.0 = Release|Any CPU
		{18B1FF27-678B-466B-B15A-089F648C131C}.Release|Mixed Platforms.ActiveCfg = Release|Any CPU
		{18B1FF27-678B-466B-B15A-089F648C131C}.Release|Mixed Platforms.Build.0 = Release|Any CPU
		{18B1FF27-678B-466B-B15A-089F648C131C}.Release|Win32.ActiveCfg = Release|Any CPU
		{70129802-CF52-4EA5-A66B-978FEE685993}.Debug|Any CPU.ActiveCfg = Debug|Any CPU
		{70129802-CF52-4EA5-A66B-978FEE685993}.Debug|Any CPU.Build.0 = Debug|Any CPU
		{70129802-CF52-4EA5-A66B-978FEE685993}.Debug|Mixed Platforms.ActiveCfg = Debug|Any CPU
		{70129802-CF52-4EA5-A66B-978FEE685993}.Debug|Mixed Platforms.Build.0 = Debug|Any CPU
		{70129802-CF52-4EA5-A66B-978FEE685993}.Debug|Win32.ActiveCfg = Debug|Any CPU
		{70129802-CF52-4EA5-A66B-978FEE685993}.Release|Any CPU.ActiveCfg = Release|Any CPU
		{70129802-CF52-4EA5-A66B-978FEE685993}.Release|Any CPU.Build.0 = Release|Any CPU
		{70129802-CF52-4EA5-A66B-978FEE685993}.Release|Mixed Platforms.ActiveCfg = Release|Any CPU
		{70129802-CF52-4EA5-A66B-978FEE685993}.Release|Mixed Platforms.Build.0 = Release|Any CPU
		{70129802-CF52-4EA5-A66B-978FEE685993}.Release|Win32.ActiveCfg = Release|Any CPU
		{7874BCE0-4312-407C-9D36-6F8B37AF6B15}.Debug|Any CPU.ActiveCfg = Debug|Any CPU
		{7874BCE0-4312-407C-9D36-6F8B37AF6B15}.Debug|Any CPU.Build.0 = Debug|Any CPU
		{7874BCE0-4312-407C-9D36-6F8B37AF6B15}.Debug|Mixed Platforms.ActiveCfg = Debug|Any CPU
		{7874BCE0-4312-407C-9D36-6F8B37AF6B15}.Debug|Mixed Platforms.Build.0 = Debug|Any CPU
		{7874BCE0-4312-407C-9D36-6F8B37AF6B15}.Debug|Win32.ActiveCfg = Debug|Any CPU
		{7874BCE0-4312-407C-9D36-6F8B37AF6B15}.Release|Any CPU.ActiveCfg = Release|Any CPU
		{7874BCE0-4312-407C-9D36-6F8B37AF6B15}.Release|Any CPU.Build.0 = Release|Any CPU
		{7874BCE0-4312-407C-9D36-6F8B37AF6B15}.Release|Mixed Platforms.ActiveCfg = Release|Any CPU
		{7874BCE0-4312-407C-9D36-6F8B37AF6B15}.Release|Mixed Platforms.Build.0 = Release|Any CPU
		{7874BCE0-4312-407C-9D36-6F8B37AF6B15}.Release|Win32.ActiveCfg = Release|Any CPU
		{C88F7530-27EC-4CC5-B0D4-43349BA0E445}.Debug|Any CPU.ActiveCfg = Debug|Any CPU
		{C88F7530-27EC-4CC5-B0D4-43349BA0E445}.Debug|Any CPU.Build.0 = Debug|Any CPU
		{C88F7530-27EC-4CC5-B0D4-43349BA0E445}.Debug|Mixed Platforms.ActiveCfg = Debug|Any CPU
		{C88F7530-27EC-4CC5-B0D4-43349BA0E445}.Debug|Mixed Platforms.Build.0 = Debug|Any CPU
		{C88F7530-27EC-4CC5-B0D4-43349BA0E445}.Debug|Win32.ActiveCfg = Debug|Any CPU
		{C88F7530-27EC-4CC5-B0D4-43349BA0E445}.Release|Any CPU.ActiveCfg = Release|Any CPU
		{C88F7530-27EC-4CC5-B0D4-43349BA0E445}.Release|Any CPU.Build.0 = Release|Any CPU
		{C88F7530-27EC-4CC5-B0D4-43349BA0E445}.Release|Mixed Platforms.ActiveCfg = Release|Any CPU
		{C88F7530-27EC-4CC5-B0D4-43349BA0E445}.Release|Mixed Platforms.Build.0 = Release|Any CPU
		{C88F7530-27EC-4CC5-B0D4-43349BA0E445}.Release|Win32.ActiveCfg = Release|Any CPU
		{C512446B-3A1B-4508-B930-3AFCB770B9D1}.Debug|Any CPU.ActiveCfg = Debug|Any CPU
		{C512446B-3A1B-4508-B930-3AFCB770B9D1}.Debug|Any CPU.Build.0 = Debug|Any CPU
		{C512446B-3A1B-4508-B930-3AFCB770B9D1}.Debug|Mixed Platforms.ActiveCfg = Debug|Any CPU
		{C512446B-3A1B-4508-B930-3AFCB770B9D1}.Debug|Mixed Platforms.Build.0 = Debug|Any CPU
		{C512446B-3A1B-4508-B930-3AFCB770B9D1}.Debug|Win32.ActiveCfg = Debug|Any CPU
		{C512446B-3A1B-4508-B930-3AFCB770B9D1}.Release|Any CPU.ActiveCfg = Release|Any CPU
		{C512446B-3A1B-4508-B930-3AFCB770B9D1}.Release|Any CPU.Build.0 = Release|Any CPU
		{C512446B-3A1B-4508-B930-3AFCB770B9D1}.Release|Mixed Platforms.ActiveCfg = Release|Any CPU
		{C512446B-3A1B-4508-B930-3AFCB770B9D1}.Release|Mixed Platforms.Build.0 = Release|Any CPU
		{C512446B-3A1B-4508-B930-3AFCB770B9D1}.Release|Win32.ActiveCfg = Release|Any CPU
		{BC60D6DA-3466-4391-908C-229F84749627}.Debug|Any CPU.ActiveCfg = Debug|Any CPU
		{BC60D6DA-3466-4391-908C-229F84749627}.Debug|Any CPU.Build.0 = Debug|Any CPU
		{BC60D6DA-3466-4391-908C-229F84749627}.Debug|Mixed Platforms.ActiveCfg = Debug|Any CPU
		{BC60D6DA-3466-4391-908C-229F84749627}.Debug|Mixed Platforms.Build.0 = Debug|Any CPU
		{BC60D6DA-3466-4391-908C-229F84749627}.Debug|Win32.ActiveCfg = Debug|Any CPU
		{BC60D6DA-3466-4391-908C-229F84749627}.Release|Any CPU.ActiveCfg = Release|Any CPU
		{BC60D6DA-3466-4391-908C-229F84749627}.Release|Any CPU.Build.0 = Release|Any CPU
		{BC60D6DA-3466-4391-908C-229F84749627}.Release|Mixed Platforms.ActiveCfg = Release|Any CPU
		{BC60D6DA-3466-4391-908C-229F84749627}.Release|Mixed Platforms.Build.0 = Release|Any CPU
		{BC60D6DA-3466-4391-908C-229F84749627}.Release|Win32.ActiveCfg = Release|Any CPU
		{BE929749-51AE-4233-BB48-8BBAB1F8DE52}.Debug|Any CPU.ActiveCfg = Debug|Any CPU
		{BE929749-51AE-4233-BB48-8BBAB1F8DE52}.Debug|Any CPU.Build.0 = Debug|Any CPU
		{BE929749-51AE-4233-BB48-8BBAB1F8DE52}.Debug|Mixed Platforms.ActiveCfg = Debug|Any CPU
		{BE929749-51AE-4233-BB48-8BBAB1F8DE52}.Debug|Mixed Platforms.Build.0 = Debug|Any CPU
		{BE929749-51AE-4233-BB48-8BBAB1F8DE52}.Debug|Win32.ActiveCfg = Debug|Any CPU
		{BE929749-51AE-4233-BB48-8BBAB1F8DE52}.Release|Any CPU.ActiveCfg = Release|Any CPU
		{BE929749-51AE-4233-BB48-8BBAB1F8DE52}.Release|Any CPU.Build.0 = Release|Any CPU
		{BE929749-51AE-4233-BB48-8BBAB1F8DE52}.Release|Mixed Platforms.ActiveCfg = Release|Any CPU
		{BE929749-51AE-4233-BB48-8BBAB1F8DE52}.Release|Mixed Platforms.Build.0 = Release|Any CPU
		{BE929749-51AE-4233-BB48-8BBAB1F8DE52}.Release|Win32.ActiveCfg = Release|Any CPU
		{86ED667B-D20C-4DFA-91BC-F9A4FEC119CA}.Debug|Any CPU.ActiveCfg = Debug|Any CPU
		{86ED667B-D20C-4DFA-91BC-F9A4FEC119CA}.Debug|Any CPU.Build.0 = Debug|Any CPU
		{86ED667B-D20C-4DFA-91BC-F9A4FEC119CA}.Debug|Mixed Platforms.ActiveCfg = Debug|Any CPU
		{86ED667B-D20C-4DFA-91BC-F9A4FEC119CA}.Debug|Mixed Platforms.Build.0 = Debug|Any CPU
		{86ED667B-D20C-4DFA-91BC-F9A4FEC119CA}.Debug|Win32.ActiveCfg = Debug|Any CPU
		{86ED667B-D20C-4DFA-91BC-F9A4FEC119CA}.Release|Any CPU.ActiveCfg = Release|Any CPU
		{86ED667B-D20C-4DFA-91BC-F9A4FEC119CA}.Release|Any CPU.Build.0 = Release|Any CPU
		{86ED667B-D20C-4DFA-91BC-F9A4FEC119CA}.Release|Mixed Platforms.ActiveCfg = Release|Any CPU
		{86ED667B-D20C-4DFA-91BC-F9A4FEC119CA}.Release|Mixed Platforms.Build.0 = Release|Any CPU
		{86ED667B-D20C-4DFA-91BC-F9A4FEC119CA}.Release|Win32.ActiveCfg = Release|Any CPU
		{1C99416C-57C5-4C5C-87C1-3473A8FB2CBA}.Debug|Any CPU.ActiveCfg = Debug|Any CPU
		{1C99416C-57C5-4C5C-87C1-3473A8FB2CBA}.Debug|Any CPU.Build.0 = Debug|Any CPU
		{1C99416C-57C5-4C5C-87C1-3473A8FB2CBA}.Debug|Mixed Platforms.ActiveCfg = Debug|Any CPU
		{1C99416C-57C5-4C5C-87C1-3473A8FB2CBA}.Debug|Mixed Platforms.Build.0 = Debug|Any CPU
		{1C99416C-57C5-4C5C-87C1-3473A8FB2CBA}.Debug|Win32.ActiveCfg = Debug|Any CPU
		{1C99416C-57C5-4C5C-87C1-3473A8FB2CBA}.Debug|Win32.Build.0 = Debug|Any CPU
		{1C99416C-57C5-4C5C-87C1-3473A8FB2CBA}.Release|Any CPU.ActiveCfg = Release|Any CPU
		{1C99416C-57C5-4C5C-87C1-3473A8FB2CBA}.Release|Any CPU.Build.0 = Release|Any CPU
		{1C99416C-57C5-4C5C-87C1-3473A8FB2CBA}.Release|Mixed Platforms.ActiveCfg = Release|Any CPU
		{1C99416C-57C5-4C5C-87C1-3473A8FB2CBA}.Release|Mixed Platforms.Build.0 = Release|Any CPU
		{1C99416C-57C5-4C5C-87C1-3473A8FB2CBA}.Release|Win32.ActiveCfg = Release|Any CPU
		{1C99416C-57C5-4C5C-87C1-3473A8FB2CBA}.Release|Win32.Build.0 = Release|Any CPU
		{1A993889-DCC2-4807-A645-1C9ED77BA8CF}.Debug|Any CPU.ActiveCfg = Debug|Any CPU
		{1A993889-DCC2-4807-A645-1C9ED77BA8CF}.Debug|Any CPU.Build.0 = Debug|Any CPU
		{1A993889-DCC2-4807-A645-1C9ED77BA8CF}.Debug|Mixed Platforms.ActiveCfg = Debug|Any CPU
		{1A993889-DCC2-4807-A645-1C9ED77BA8CF}.Debug|Mixed Platforms.Build.0 = Debug|Any CPU
		{1A993889-DCC2-4807-A645-1C9ED77BA8CF}.Debug|Win32.ActiveCfg = Debug|Any CPU
		{1A993889-DCC2-4807-A645-1C9ED77BA8CF}.Debug|Win32.Build.0 = Debug|Any CPU
		{1A993889-DCC2-4807-A645-1C9ED77BA8CF}.Release|Any CPU.ActiveCfg = Release|Any CPU
		{1A993889-DCC2-4807-A645-1C9ED77BA8CF}.Release|Any CPU.Build.0 = Release|Any CPU
		{1A993889-DCC2-4807-A645-1C9ED77BA8CF}.Release|Mixed Platforms.ActiveCfg = Release|Any CPU
		{1A993889-DCC2-4807-A645-1C9ED77BA8CF}.Release|Mixed Platforms.Build.0 = Release|Any CPU
		{1A993889-DCC2-4807-A645-1C9ED77BA8CF}.Release|Win32.ActiveCfg = Release|Any CPU
		{1A993889-DCC2-4807-A645-1C9ED77BA8CF}.Release|Win32.Build.0 = Release|Any CPU
		{B3E86D9D-5120-4F3E-B064-D58476AFCE2E}.Debug|Any CPU.ActiveCfg = Debug|Any CPU
		{B3E86D9D-5120-4F3E-B064-D58476AFCE2E}.Debug|Any CPU.Build.0 = Debug|Any CPU
		{B3E86D9D-5120-4F3E-B064-D58476AFCE2E}.Debug|Mixed Platforms.ActiveCfg = Debug|Any CPU
		{B3E86D9D-5120-4F3E-B064-D58476AFCE2E}.Debug|Mixed Platforms.Build.0 = Debug|Any CPU
		{B3E86D9D-5120-4F3E-B064-D58476AFCE2E}.Debug|Win32.ActiveCfg = Debug|Any CPU
		{B3E86D9D-5120-4F3E-B064-D58476AFCE2E}.Debug|Win32.Build.0 = Debug|Any CPU
		{B3E86D9D-5120-4F3E-B064-D58476AFCE2E}.Release|Any CPU.ActiveCfg = Release|Any CPU
		{B3E86D9D-5120-4F3E-B064-D58476AFCE2E}.Release|Any CPU.Build.0 = Release|Any CPU
		{B3E86D9D-5120-4F3E-B064-D58476AFCE2E}.Release|Mixed Platforms.ActiveCfg = Release|Any CPU
		{B3E86D9D-5120-4F3E-B064-D58476AFCE2E}.Release|Mixed Platforms.Build.0 = Release|Any CPU
		{B3E86D9D-5120-4F3E-B064-D58476AFCE2E}.Release|Win32.ActiveCfg = Release|Any CPU
		{B3E86D9D-5120-4F3E-B064-D58476AFCE2E}.Release|Win32.Build.0 = Release|Any CPU
		{0AE999CC-B473-4B3F-83C4-5B288DD49E48}.Debug|Any CPU.ActiveCfg = Debug|Any CPU
		{0AE999CC-B473-4B3F-83C4-5B288DD49E48}.Debug|Any CPU.Build.0 = Debug|Any CPU
		{0AE999CC-B473-4B3F-83C4-5B288DD49E48}.Debug|Mixed Platforms.ActiveCfg = Debug|Any CPU
		{0AE999CC-B473-4B3F-83C4-5B288DD49E48}.Debug|Mixed Platforms.Build.0 = Debug|Any CPU
		{0AE999CC-B473-4B3F-83C4-5B288DD49E48}.Debug|Win32.ActiveCfg = Debug|Any CPU
		{0AE999CC-B473-4B3F-83C4-5B288DD49E48}.Debug|Win32.Build.0 = Debug|Any CPU
		{0AE999CC-B473-4B3F-83C4-5B288DD49E48}.Release|Any CPU.ActiveCfg = Release|Any CPU
		{0AE999CC-B473-4B3F-83C4-5B288DD49E48}.Release|Any CPU.Build.0 = Release|Any CPU
		{0AE999CC-B473-4B3F-83C4-5B288DD49E48}.Release|Mixed Platforms.ActiveCfg = Release|Any CPU
		{0AE999CC-B473-4B3F-83C4-5B288DD49E48}.Release|Mixed Platforms.Build.0 = Release|Any CPU
		{0AE999CC-B473-4B3F-83C4-5B288DD49E48}.Release|Win32.ActiveCfg = Release|Any CPU
		{0AE999CC-B473-4B3F-83C4-5B288DD49E48}.Release|Win32.Build.0 = Release|Any CPU
		{32F25CAB-AD41-4310-AA70-73B1485B395F}.Debug|Any CPU.ActiveCfg = Debug|Any CPU
		{32F25CAB-AD41-4310-AA70-73B1485B395F}.Debug|Any CPU.Build.0 = Debug|Any CPU
		{32F25CAB-AD41-4310-AA70-73B1485B395F}.Debug|Mixed Platforms.ActiveCfg = Debug|Any CPU
		{32F25CAB-AD41-4310-AA70-73B1485B395F}.Debug|Mixed Platforms.Build.0 = Debug|Any CPU
		{32F25CAB-AD41-4310-AA70-73B1485B395F}.Debug|Win32.ActiveCfg = Debug|Any CPU
		{32F25CAB-AD41-4310-AA70-73B1485B395F}.Debug|Win32.Build.0 = Debug|Any CPU
		{32F25CAB-AD41-4310-AA70-73B1485B395F}.Release|Any CPU.ActiveCfg = Release|Any CPU
		{32F25CAB-AD41-4310-AA70-73B1485B395F}.Release|Any CPU.Build.0 = Release|Any CPU
		{32F25CAB-AD41-4310-AA70-73B1485B395F}.Release|Mixed Platforms.ActiveCfg = Release|Any CPU
		{32F25CAB-AD41-4310-AA70-73B1485B395F}.Release|Mixed Platforms.Build.0 = Release|Any CPU
		{32F25CAB-AD41-4310-AA70-73B1485B395F}.Release|Win32.ActiveCfg = Release|Any CPU
		{32F25CAB-AD41-4310-AA70-73B1485B395F}.Release|Win32.Build.0 = Release|Any CPU
		{36B4594F-985D-494C-88D9-F3CD338C35EE}.Debug|Any CPU.ActiveCfg = Debug|Any CPU
		{36B4594F-985D-494C-88D9-F3CD338C35EE}.Debug|Any CPU.Build.0 = Debug|Any CPU
		{36B4594F-985D-494C-88D9-F3CD338C35EE}.Debug|Mixed Platforms.ActiveCfg = Debug|Any CPU
		{36B4594F-985D-494C-88D9-F3CD338C35EE}.Debug|Mixed Platforms.Build.0 = Debug|Any CPU
		{36B4594F-985D-494C-88D9-F3CD338C35EE}.Debug|Win32.ActiveCfg = Debug|Any CPU
		{36B4594F-985D-494C-88D9-F3CD338C35EE}.Debug|Win32.Build.0 = Debug|Any CPU
		{36B4594F-985D-494C-88D9-F3CD338C35EE}.Release|Any CPU.ActiveCfg = Release|Any CPU
		{36B4594F-985D-494C-88D9-F3CD338C35EE}.Release|Any CPU.Build.0 = Release|Any CPU
		{36B4594F-985D-494C-88D9-F3CD338C35EE}.Release|Mixed Platforms.ActiveCfg = Release|Any CPU
		{36B4594F-985D-494C-88D9-F3CD338C35EE}.Release|Mixed Platforms.Build.0 = Release|Any CPU
		{36B4594F-985D-494C-88D9-F3CD338C35EE}.Release|Win32.ActiveCfg = Release|Any CPU
		{36B4594F-985D-494C-88D9-F3CD338C35EE}.Release|Win32.Build.0 = Release|Any CPU
		{20ED3863-4E1E-4500-AEA3-2491B3C20E11}.Debug|Any CPU.ActiveCfg = Debug|Any CPU
		{20ED3863-4E1E-4500-AEA3-2491B3C20E11}.Debug|Any CPU.Build.0 = Debug|Any CPU
		{20ED3863-4E1E-4500-AEA3-2491B3C20E11}.Debug|Mixed Platforms.ActiveCfg = Debug|Any CPU
		{20ED3863-4E1E-4500-AEA3-2491B3C20E11}.Debug|Mixed Platforms.Build.0 = Debug|Any CPU
		{20ED3863-4E1E-4500-AEA3-2491B3C20E11}.Debug|Win32.ActiveCfg = Debug|Any CPU
		{20ED3863-4E1E-4500-AEA3-2491B3C20E11}.Debug|Win32.Build.0 = Debug|Any CPU
		{20ED3863-4E1E-4500-AEA3-2491B3C20E11}.Release|Any CPU.ActiveCfg = Release|Any CPU
		{20ED3863-4E1E-4500-AEA3-2491B3C20E11}.Release|Any CPU.Build.0 = Release|Any CPU
		{20ED3863-4E1E-4500-AEA3-2491B3C20E11}.Release|Mixed Platforms.ActiveCfg = Release|Any CPU
		{20ED3863-4E1E-4500-AEA3-2491B3C20E11}.Release|Mixed Platforms.Build.0 = Release|Any CPU
		{20ED3863-4E1E-4500-AEA3-2491B3C20E11}.Release|Win32.ActiveCfg = Release|Any CPU
		{20ED3863-4E1E-4500-AEA3-2491B3C20E11}.Release|Win32.Build.0 = Release|Any CPU
		{5769DCB6-0E9C-4B20-AB7F-5E35D026F1DA}.Debug|Any CPU.ActiveCfg = Debug|Any CPU
		{5769DCB6-0E9C-4B20-AB7F-5E35D026F1DA}.Debug|Any CPU.Build.0 = Debug|Any CPU
		{5769DCB6-0E9C-4B20-AB7F-5E35D026F1DA}.Debug|Mixed Platforms.ActiveCfg = Debug|Any CPU
		{5769DCB6-0E9C-4B20-AB7F-5E35D026F1DA}.Debug|Mixed Platforms.Build.0 = Debug|Any CPU
		{5769DCB6-0E9C-4B20-AB7F-5E35D026F1DA}.Debug|Win32.ActiveCfg = Debug|Any CPU
		{5769DCB6-0E9C-4B20-AB7F-5E35D026F1DA}.Debug|Win32.Build.0 = Debug|Any CPU
		{5769DCB6-0E9C-4B20-AB7F-5E35D026F1DA}.Release|Any CPU.ActiveCfg = Release|Any CPU
		{5769DCB6-0E9C-4B20-AB7F-5E35D026F1DA}.Release|Any CPU.Build.0 = Release|Any CPU
		{5769DCB6-0E9C-4B20-AB7F-5E35D026F1DA}.Release|Mixed Platforms.ActiveCfg = Release|Any CPU
		{5769DCB6-0E9C-4B20-AB7F-5E35D026F1DA}.Release|Mixed Platforms.Build.0 = Release|Any CPU
		{5769DCB6-0E9C-4B20-AB7F-5E35D026F1DA}.Release|Win32.ActiveCfg = Release|Any CPU
		{5769DCB6-0E9C-4B20-AB7F-5E35D026F1DA}.Release|Win32.Build.0 = Release|Any CPU
		{006C9039-8BAF-4D79-9C2A-6BDD1B6F1515}.Debug|Any CPU.ActiveCfg = Debug|Any CPU
		{006C9039-8BAF-4D79-9C2A-6BDD1B6F1515}.Debug|Any CPU.Build.0 = Debug|Any CPU
		{006C9039-8BAF-4D79-9C2A-6BDD1B6F1515}.Debug|Mixed Platforms.ActiveCfg = Debug|Any CPU
		{006C9039-8BAF-4D79-9C2A-6BDD1B6F1515}.Debug|Mixed Platforms.Build.0 = Debug|Any CPU
		{006C9039-8BAF-4D79-9C2A-6BDD1B6F1515}.Debug|Win32.ActiveCfg = Debug|Any CPU
		{006C9039-8BAF-4D79-9C2A-6BDD1B6F1515}.Debug|Win32.Build.0 = Debug|Any CPU
		{006C9039-8BAF-4D79-9C2A-6BDD1B6F1515}.Release|Any CPU.ActiveCfg = Release|Any CPU
		{006C9039-8BAF-4D79-9C2A-6BDD1B6F1515}.Release|Any CPU.Build.0 = Release|Any CPU
		{006C9039-8BAF-4D79-9C2A-6BDD1B6F1515}.Release|Mixed Platforms.ActiveCfg = Release|Any CPU
		{006C9039-8BAF-4D79-9C2A-6BDD1B6F1515}.Release|Mixed Platforms.Build.0 = Release|Any CPU
		{006C9039-8BAF-4D79-9C2A-6BDD1B6F1515}.Release|Win32.ActiveCfg = Release|Any CPU
		{006C9039-8BAF-4D79-9C2A-6BDD1B6F1515}.Release|Win32.Build.0 = Release|Any CPU
		{7507C9F1-2640-4AF1-B7CC-71E28AB6C54C}.Debug|Any CPU.ActiveCfg = Debug|Any CPU
		{7507C9F1-2640-4AF1-B7CC-71E28AB6C54C}.Debug|Any CPU.Build.0 = Debug|Any CPU
		{7507C9F1-2640-4AF1-B7CC-71E28AB6C54C}.Debug|Mixed Platforms.ActiveCfg = Debug|Any CPU
		{7507C9F1-2640-4AF1-B7CC-71E28AB6C54C}.Debug|Mixed Platforms.Build.0 = Debug|Any CPU
		{7507C9F1-2640-4AF1-B7CC-71E28AB6C54C}.Debug|Win32.ActiveCfg = Debug|Any CPU
		{7507C9F1-2640-4AF1-B7CC-71E28AB6C54C}.Debug|Win32.Build.0 = Debug|Any CPU
		{7507C9F1-2640-4AF1-B7CC-71E28AB6C54C}.Release|Any CPU.ActiveCfg = Release|Any CPU
		{7507C9F1-2640-4AF1-B7CC-71E28AB6C54C}.Release|Any CPU.Build.0 = Release|Any CPU
		{7507C9F1-2640-4AF1-B7CC-71E28AB6C54C}.Release|Mixed Platforms.ActiveCfg = Release|Any CPU
		{7507C9F1-2640-4AF1-B7CC-71E28AB6C54C}.Release|Mixed Platforms.Build.0 = Release|Any CPU
		{7507C9F1-2640-4AF1-B7CC-71E28AB6C54C}.Release|Win32.ActiveCfg = Release|Any CPU
		{7507C9F1-2640-4AF1-B7CC-71E28AB6C54C}.Release|Win32.Build.0 = Release|Any CPU
	EndGlobalSection
	GlobalSection(SolutionProperties) = preSolution
		HideSolutionNode = FALSE
	EndGlobalSection
	GlobalSection(NestedProjects) = preSolution
		{DC72A538-0702-4139-B687-AF990CCEF25E} = {D222E2EA-85C1-40F5-B730-3428321B08CD}
		{7BA942BD-BCB5-4720-BB29-143897358C83} = {398AE864-2C12-43C2-B863-7D4FAC04D961}
		{0242B059-3694-49F7-B886-4767C8ED28DA} = {CDCEC450-AFB6-4A4A-9183-A0E9BCDA05DA}
		{C793F521-3A5F-432C-B1A2-9468F22BCCFA} = {398AE864-2C12-43C2-B863-7D4FAC04D961}
		{3C9FF356-D51C-4B63-932D-FCBA6C5CF0D2} = {FCB0B09B-15BD-4B0D-8447-A8F565179035}
		{10D9151B-BA87-487A-A82A-F04245F3F2B0} = {19DFE03C-1419-4726-BE39-3F3D595FE0EA}
		{2FECC649-EB5A-47DC-B65C-DFF31AE80C1B} = {19DFE03C-1419-4726-BE39-3F3D595FE0EA}
		{63CF2B23-858A-4148-8DE3-D4C25A20EF06} = {FCB0B09B-15BD-4B0D-8447-A8F565179035}
		{18B1FF27-678B-466B-B15A-089F648C131C} = {FCB0B09B-15BD-4B0D-8447-A8F565179035}
		{70129802-CF52-4EA5-A66B-978FEE685993} = {56215BF1-C233-40B4-A3DA-2A5C0AFA94AE}
		{56215BF1-C233-40B4-A3DA-2A5C0AFA94AE} = {D222E2EA-85C1-40F5-B730-3428321B08CD}
		{19DFE03C-1419-4726-BE39-3F3D595FE0EA} = {D222E2EA-85C1-40F5-B730-3428321B08CD}
		{FCB0B09B-15BD-4B0D-8447-A8F565179035} = {D222E2EA-85C1-40F5-B730-3428321B08CD}
		{398AE864-2C12-43C2-B863-7D4FAC04D961} = {D222E2EA-85C1-40F5-B730-3428321B08CD}
		{83D8BD93-D33C-45D3-884E-A096FFDE5337} = {6BDACFC5-EB80-4727-85DB-056671A506BF}
		{7874BCE0-4312-407C-9D36-6F8B37AF6B15} = {50ECEEDB-C48D-45F1-9473-5C857F99D923}
		{C88F7530-27EC-4CC5-B0D4-43349BA0E445} = {50ECEEDB-C48D-45F1-9473-5C857F99D923}
		{C512446B-3A1B-4508-B930-3AFCB770B9D1} = {50ECEEDB-C48D-45F1-9473-5C857F99D923}
		{BC60D6DA-3466-4391-908C-229F84749627} = {50ECEEDB-C48D-45F1-9473-5C857F99D923}
		{BE929749-51AE-4233-BB48-8BBAB1F8DE52} = {50ECEEDB-C48D-45F1-9473-5C857F99D923}
		{86ED667B-D20C-4DFA-91BC-F9A4FEC119CA} = {50ECEEDB-C48D-45F1-9473-5C857F99D923}
		{1C99416C-57C5-4C5C-87C1-3473A8FB2CBA} = {56215BF1-C233-40B4-A3DA-2A5C0AFA94AE}
		{6EB95BBA-61D0-4E29-96ED-B499B4B9A52A} = {6BDACFC5-EB80-4727-85DB-056671A506BF}
		{1A993889-DCC2-4807-A645-1C9ED77BA8CF} = {02F7F265-9973-4C7D-B554-C5DD1D8C8176}
		{B3E86D9D-5120-4F3E-B064-D58476AFCE2E} = {02F7F265-9973-4C7D-B554-C5DD1D8C8176}
		{0AE999CC-B473-4B3F-83C4-5B288DD49E48} = {50ECEEDB-C48D-45F1-9473-5C857F99D923}
		{32F25CAB-AD41-4310-AA70-73B1485B395F} = {50ECEEDB-C48D-45F1-9473-5C857F99D923}
		{36B4594F-985D-494C-88D9-F3CD338C35EE} = {082E4BDF-CDB1-4594-8976-EE9BD7CCDA67}
		{20ED3863-4E1E-4500-AEA3-2491B3C20E11} = {082E4BDF-CDB1-4594-8976-EE9BD7CCDA67}
		{5769DCB6-0E9C-4B20-AB7F-5E35D026F1DA} = {02F7F265-9973-4C7D-B554-C5DD1D8C8176}
		{006C9039-8BAF-4D79-9C2A-6BDD1B6F1515} = {FCB0B09B-15BD-4B0D-8447-A8F565179035}
		{7507C9F1-2640-4AF1-B7CC-71E28AB6C54C} = {5197E2F6-06FE-4ABF-ACD4-FFA91F2043FD}
	EndGlobalSection
EndGlobal
