
Microsoft Visual Studio Solution File, Format Version 12.00
# Visual Studio 2013
VisualStudioVersion = 12.0.40629.0
MinimumVisualStudioVersion = 10.0.40219.1
Project("{8BC9CEB8-8B4A-11D0-8D11-00A0C91BC942}") = "Learn.CPP", "Learn.CPP\Learn.CPP.vcxproj", "{1FC1A479-43BA-475B-BABD-83CB2D17894C}"
EndProject
Project("{FAE04EC0-301F-11D3-BF4B-00C04F79EFBC}") = "Learn.CSharpForCLR", "Learn.CSharpForCLR\Learn.CSharpForCLR.csproj", "{DC72A538-0702-4139-B687-AF990CCEF25E}"
EndProject
Project("{FAE04EC0-301F-11D3-BF4B-00C04F79EFBC}") = "Learn.SDK", "Learn.SDK\Learn.SDK.csproj", "{7BA942BD-BCB5-4720-BB29-143897358C83}"
EndProject
Project("{FAE04EC0-301F-11D3-BF4B-00C04F79EFBC}") = "Learn.Web", "Learn.Web\Learn.Web.csproj", "{0242B059-3694-49F7-B886-4767C8ED28DA}"
EndProject
Project("{FAE04EC0-301F-11D3-BF4B-00C04F79EFBC}") = "ThirdPartySDK", "ThirdPartySDK\ThirdPartySDK.csproj", "{C793F521-3A5F-432C-B1A2-9468F22BCCFA}"
EndProject
Project("{2150E333-8FDC-42A3-9474-1A3956D46DE8}") = "Cpp", "Cpp", "{A719C630-DBE2-436E-9E00-48814C86586C}"
EndProject
Project("{2150E333-8FDC-42A3-9474-1A3956D46DE8}") = "CLR", "CLR", "{D222E2EA-85C1-40F5-B730-3428321B08CD}"
EndProject
Project("{8BC9CEB8-8B4A-11D0-8D11-00A0C91BC942}") = "ATLProject", "ATLProject\ATLProject.vcxproj", "{A5988DDB-D758-4B13-8A3D-B738407FBB58}"
EndProject
Project("{8BC9CEB8-8B4A-11D0-8D11-00A0C91BC942}") = "ATLProjectPS", "ATLProject\ATLProjectPS.vcxproj", "{CBEAF301-002C-4ACD-8409-F9A56F51CC76}"
	ProjectSection(ProjectDependencies) = postProject
		{A5988DDB-D758-4B13-8A3D-B738407FBB58} = {A5988DDB-D758-4B13-8A3D-B738407FBB58}
	EndProjectSection
EndProject
Project("{2150E333-8FDC-42A3-9474-1A3956D46DE8}") = "COM", "COM", "{317C9AFA-97F6-4C1C-A6A7-D14ABB1E1816}"
EndProject
Project("{FAE04EC0-301F-11D3-BF4B-00C04F79EFBC}") = "Learn.Document", "Learn.Document\Learn.Document.csproj", "{613D2DAB-CB13-45D7-8CD6-0CA1872ABC53}"
EndProject
Project("{FAE04EC0-301F-11D3-BF4B-00C04F79EFBC}") = "Learn.MVCTest", "Learn.MVCTest\Learn.MVCTest.csproj", "{3C9FF356-D51C-4B63-932D-FCBA6C5CF0D2}"
EndProject
Project("{2150E333-8FDC-42A3-9474-1A3956D46DE8}") = "Javascript", "Javascript", "{CDCEC450-AFB6-4A4A-9183-A0E9BCDA05DA}"
EndProject
Project("{FAE04EC0-301F-11D3-BF4B-00C04F79EFBC}") = "Learn.Server", "Learn.Server\Learn.Server.csproj", "{10D9151B-BA87-487A-A82A-F04245F3F2B0}"
EndProject
Project("{FAE04EC0-301F-11D3-BF4B-00C04F79EFBC}") = "Learn.Client", "Learn.Client\Learn.Client.csproj", "{2FECC649-EB5A-47DC-B65C-DFF31AE80C1B}"
EndProject
Project("{8BC9CEB8-8B4A-11D0-8D11-00A0C91BC942}") = "Learn.Assembly", "Learn.Assembly\Learn.Assembly.vcxproj", "{CEBE8776-9AEC-4465-BCD4-D017A310BE6F}"
EndProject
Project("{8BC9CEB8-8B4A-11D0-8D11-00A0C91BC942}") = "Learn.NetworkSer", "Learn.NetworkSer\Learn.NetworkSer.vcxproj", "{45E4093F-FDB6-41F4-B121-193535281DF6}"
EndProject
Project("{8BC9CEB8-8B4A-11D0-8D11-00A0C91BC942}") = "Learn.NetworkClient", "Learn.NetworkClient\Learn.NetworkClient.vcxproj", "{5C1B1575-B101-4246-8180-2995D6524761}"
EndProject
Project("{FAE04EC0-301F-11D3-BF4B-00C04F79EFBC}") = "Learn.WinForm", "Learn.WinForm\Learn.WinForm.csproj", "{63CF2B23-858A-4148-8DE3-D4C25A20EF06}"
EndProject
Project("{FAE04EC0-301F-11D3-BF4B-00C04F79EFBC}") = "Learn.Console", "Learn.Console\Learn.Console.csproj", "{18B1FF27-678B-466B-B15A-089F648C131C}"
EndProject
Project("{FAE04EC0-301F-11D3-BF4B-00C04F79EFBC}") = "Learn.Algorithm", "Learn.Algorithm\Learn.Algorithm.csproj", "{70129802-CF52-4EA5-A66B-978FEE685993}"
EndProject
Project("{2150E333-8FDC-42A3-9474-1A3956D46DE8}") = "算法", "算法", "{56215BF1-C233-40B4-A3DA-2A5C0AFA94AE}"
EndProject
Project("{2150E333-8FDC-42A3-9474-1A3956D46DE8}") = "线程异步", "线程异步", "{19DFE03C-1419-4726-BE39-3F3D595FE0EA}"
EndProject
Project("{2150E333-8FDC-42A3-9474-1A3956D46DE8}") = "平台", "平台", "{FCB0B09B-15BD-4B0D-8447-A8F565179035}"
EndProject
Project("{2150E333-8FDC-42A3-9474-1A3956D46DE8}") = "SDK", "SDK", "{398AE864-2C12-43C2-B863-7D4FAC04D961}"
EndProject
Project("{2150E333-8FDC-42A3-9474-1A3956D46DE8}") = "Lib", "Lib", "{6BDACFC5-EB80-4727-85DB-056671A506BF}"
EndProject
Project("{2150E333-8FDC-42A3-9474-1A3956D46DE8}") = "Redis", "Redis", "{83D8BD93-D33C-45D3-884E-A096FFDE5337}"
	ProjectSection(SolutionItems) = preProject
		lib\Redis\ServiceStack.Common.dll = lib\Redis\ServiceStack.Common.dll
		lib\Redis\ServiceStack.Interfaces.dll = lib\Redis\ServiceStack.Interfaces.dll
		lib\Redis\ServiceStack.Redis.dll = lib\Redis\ServiceStack.Redis.dll
		lib\Redis\ServiceStack.Text.dll = lib\Redis\ServiceStack.Text.dll
	EndProjectSection
EndProject
Project("{2150E333-8FDC-42A3-9474-1A3956D46DE8}") = "SOA", "SOA", "{50ECEEDB-C48D-45F1-9473-5C857F99D923}"
EndProject
Project("{FAE04EC0-301F-11D3-BF4B-00C04F79EFBC}") = "WCF.Service", "WCF.Service\WCF.Service.csproj", "{7874BCE0-4312-407C-9D36-6F8B37AF6B15}"
EndProject
Project("{FAE04EC0-301F-11D3-BF4B-00C04F79EFBC}") = "WCF.Client", "WCF.Client\WCF.Client.csproj", "{C88F7530-27EC-4CC5-B0D4-43349BA0E445}"
EndProject
Project("{FAE04EC0-301F-11D3-BF4B-00C04F79EFBC}") = "WCF.Hosting", "WCF.Hosting\WCF.Hosting.csproj", "{C512446B-3A1B-4508-B930-3AFCB770B9D1}"
EndProject
Project("{FAE04EC0-301F-11D3-BF4B-00C04F79EFBC}") = "WCF.Service.Interface", "WCF.Service.Interface\WCF.Service.Interface.csproj", "{BC60D6DA-3466-4391-908C-229F84749627}"
EndProject
Project("{FAE04EC0-301F-11D3-BF4B-00C04F79EFBC}") = "WCF.Client2", "WCF.Client2\WCF.Client2.csproj", "{BE929749-51AE-4233-BB48-8BBAB1F8DE52}"
EndProject
Project("{FAE04EC0-301F-11D3-BF4B-00C04F79EFBC}") = "WCF.Hosting.Web", "WCF.Hosting.Web\WCF.Hosting.Web.csproj", "{86ED667B-D20C-4DFA-91BC-F9A4FEC119CA}"
EndProject
Global
	GlobalSection(SolutionConfigurationPlatforms) = preSolution
		Debug|Any CPU = Debug|Any CPU
		Debug|Mixed Platforms = Debug|Mixed Platforms
		Debug|Win32 = Debug|Win32
		Release|Any CPU = Release|Any CPU
		Release|Mixed Platforms = Release|Mixed Platforms
		Release|Win32 = Release|Win32
	EndGlobalSection
	GlobalSection(ProjectConfigurationPlatforms) = postSolution
		{1FC1A479-43BA-475B-BABD-83CB2D17894C}.Debug|Any CPU.ActiveCfg = Debug|Win32
		{1FC1A479-43BA-475B-BABD-83CB2D17894C}.Debug|Mixed Platforms.ActiveCfg = Debug|Win32
		{1FC1A479-43BA-475B-BABD-83CB2D17894C}.Debug|Mixed Platforms.Build.0 = Debug|Win32
		{1FC1A479-43BA-475B-BABD-83CB2D17894C}.Debug|Win32.ActiveCfg = Debug|Win32
		{1FC1A479-43BA-475B-BABD-83CB2D17894C}.Debug|Win32.Build.0 = Debug|Win32
		{1FC1A479-43BA-475B-BABD-83CB2D17894C}.Release|Any CPU.ActiveCfg = Release|Win32
		{1FC1A479-43BA-475B-BABD-83CB2D17894C}.Release|Mixed Platforms.ActiveCfg = Release|Win32
		{1FC1A479-43BA-475B-BABD-83CB2D17894C}.Release|Mixed Platforms.Build.0 = Release|Win32
		{1FC1A479-43BA-475B-BABD-83CB2D17894C}.Release|Win32.ActiveCfg = Release|Win32
		{1FC1A479-43BA-475B-BABD-83CB2D17894C}.Release|Win32.Build.0 = Release|Win32
		{DC72A538-0702-4139-B687-AF990CCEF25E}.Debug|Any CPU.ActiveCfg = Debug|Any CPU
		{DC72A538-0702-4139-B687-AF990CCEF25E}.Debug|Any CPU.Build.0 = Debug|Any CPU
		{DC72A538-0702-4139-B687-AF990CCEF25E}.Debug|Mixed Platforms.ActiveCfg = Debug|Any CPU
		{DC72A538-0702-4139-B687-AF990CCEF25E}.Debug|Mixed Platforms.Build.0 = Debug|Any CPU
		{DC72A538-0702-4139-B687-AF990CCEF25E}.Debug|Win32.ActiveCfg = Debug|Any CPU
		{DC72A538-0702-4139-B687-AF990CCEF25E}.Release|Any CPU.ActiveCfg = Release|Any CPU
		{DC72A538-0702-4139-B687-AF990CCEF25E}.Release|Any CPU.Build.0 = Release|Any CPU
		{DC72A538-0702-4139-B687-AF990CCEF25E}.Release|Mixed Platforms.ActiveCfg = Release|Any CPU
		{DC72A538-0702-4139-B687-AF990CCEF25E}.Release|Mixed Platforms.Build.0 = Release|Any CPU
		{DC72A538-0702-4139-B687-AF990CCEF25E}.Release|Win32.ActiveCfg = Release|Any CPU
		{7BA942BD-BCB5-4720-BB29-143897358C83}.Debug|Any CPU.ActiveCfg = Debug|Any CPU
		{7BA942BD-BCB5-4720-BB29-143897358C83}.Debug|Any CPU.Build.0 = Debug|Any CPU
		{7BA942BD-BCB5-4720-BB29-143897358C83}.Debug|Mixed Platforms.ActiveCfg = Debug|Any CPU
		{7BA942BD-BCB5-4720-BB29-143897358C83}.Debug|Mixed Platforms.Build.0 = Debug|Any CPU
		{7BA942BD-BCB5-4720-BB29-143897358C83}.Debug|Win32.ActiveCfg = Debug|Any CPU
		{7BA942BD-BCB5-4720-BB29-143897358C83}.Release|Any CPU.ActiveCfg = Release|Any CPU
		{7BA942BD-BCB5-4720-BB29-143897358C83}.Release|Any CPU.Build.0 = Release|Any CPU
		{7BA942BD-BCB5-4720-BB29-143897358C83}.Release|Mixed Platforms.ActiveCfg = Release|Any CPU
		{7BA942BD-BCB5-4720-BB29-143897358C83}.Release|Mixed Platforms.Build.0 = Release|Any CPU
		{7BA942BD-BCB5-4720-BB29-143897358C83}.Release|Win32.ActiveCfg = Release|Any CPU
		{0242B059-3694-49F7-B886-4767C8ED28DA}.Debug|Any CPU.ActiveCfg = Debug|Any CPU
		{0242B059-3694-49F7-B886-4767C8ED28DA}.Debug|Any CPU.Build.0 = Debug|Any CPU
		{0242B059-3694-49F7-B886-4767C8ED28DA}.Debug|Mixed Platforms.ActiveCfg = Debug|Any CPU
		{0242B059-3694-49F7-B886-4767C8ED28DA}.Debug|Mixed Platforms.Build.0 = Debug|Any CPU
		{0242B059-3694-49F7-B886-4767C8ED28DA}.Debug|Win32.ActiveCfg = Debug|Any CPU
		{0242B059-3694-49F7-B886-4767C8ED28DA}.Release|Any CPU.ActiveCfg = Release|Any CPU
		{0242B059-3694-49F7-B886-4767C8ED28DA}.Release|Any CPU.Build.0 = Release|Any CPU
		{0242B059-3694-49F7-B886-4767C8ED28DA}.Release|Mixed Platforms.ActiveCfg = Release|Any CPU
		{0242B059-3694-49F7-B886-4767C8ED28DA}.Release|Mixed Platforms.Build.0 = Release|Any CPU
		{0242B059-3694-49F7-B886-4767C8ED28DA}.Release|Win32.ActiveCfg = Release|Any CPU
		{C793F521-3A5F-432C-B1A2-9468F22BCCFA}.Debug|Any CPU.ActiveCfg = Debug|Any CPU
		{C793F521-3A5F-432C-B1A2-9468F22BCCFA}.Debug|Any CPU.Build.0 = Debug|Any CPU
		{C793F521-3A5F-432C-B1A2-9468F22BCCFA}.Debug|Mixed Platforms.ActiveCfg = Debug|Any CPU
		{C793F521-3A5F-432C-B1A2-9468F22BCCFA}.Debug|Mixed Platforms.Build.0 = Debug|Any CPU
		{C793F521-3A5F-432C-B1A2-9468F22BCCFA}.Debug|Win32.ActiveCfg = Debug|Any CPU
		{C793F521-3A5F-432C-B1A2-9468F22BCCFA}.Release|Any CPU.ActiveCfg = Release|Any CPU
		{C793F521-3A5F-432C-B1A2-9468F22BCCFA}.Release|Any CPU.Build.0 = Release|Any CPU
		{C793F521-3A5F-432C-B1A2-9468F22BCCFA}.Release|Mixed Platforms.ActiveCfg = Release|Any CPU
		{C793F521-3A5F-432C-B1A2-9468F22BCCFA}.Release|Mixed Platforms.Build.0 = Release|Any CPU
		{C793F521-3A5F-432C-B1A2-9468F22BCCFA}.Release|Win32.ActiveCfg = Release|Any CPU
		{A5988DDB-D758-4B13-8A3D-B738407FBB58}.Debug|Any CPU.ActiveCfg = Debug|Win32
		{A5988DDB-D758-4B13-8A3D-B738407FBB58}.Debug|Mixed Platforms.ActiveCfg = Debug|Win32
		{A5988DDB-D758-4B13-8A3D-B738407FBB58}.Debug|Mixed Platforms.Build.0 = Debug|Win32
		{A5988DDB-D758-4B13-8A3D-B738407FBB58}.Debug|Win32.ActiveCfg = Debug|Win32
		{A5988DDB-D758-4B13-8A3D-B738407FBB58}.Debug|Win32.Build.0 = Debug|Win32
		{A5988DDB-D758-4B13-8A3D-B738407FBB58}.Release|Any CPU.ActiveCfg = Release|Win32
		{A5988DDB-D758-4B13-8A3D-B738407FBB58}.Release|Mixed Platforms.ActiveCfg = Release|Win32
		{A5988DDB-D758-4B13-8A3D-B738407FBB58}.Release|Mixed Platforms.Build.0 = Release|Win32
		{A5988DDB-D758-4B13-8A3D-B738407FBB58}.Release|Win32.ActiveCfg = Release|Win32
		{A5988DDB-D758-4B13-8A3D-B738407FBB58}.Release|Win32.Build.0 = Release|Win32
		{CBEAF301-002C-4ACD-8409-F9A56F51CC76}.Debug|Any CPU.ActiveCfg = Debug|Win32
		{CBEAF301-002C-4ACD-8409-F9A56F51CC76}.Debug|Mixed Platforms.ActiveCfg = Debug|Win32
		{CBEAF301-002C-4ACD-8409-F9A56F51CC76}.Debug|Win32.ActiveCfg = Debug|Win32
		{CBEAF301-002C-4ACD-8409-F9A56F51CC76}.Release|Any CPU.ActiveCfg = Release|Win32
		{CBEAF301-002C-4ACD-8409-F9A56F51CC76}.Release|Mixed Platforms.ActiveCfg = Release|Win32
		{CBEAF301-002C-4ACD-8409-F9A56F51CC76}.Release|Win32.ActiveCfg = Release|Win32
		{613D2DAB-CB13-45D7-8CD6-0CA1872ABC53}.Debug|Any CPU.ActiveCfg = Debug|Any CPU
		{613D2DAB-CB13-45D7-8CD6-0CA1872ABC53}.Debug|Any CPU.Build.0 = Debug|Any CPU
		{613D2DAB-CB13-45D7-8CD6-0CA1872ABC53}.Debug|Mixed Platforms.ActiveCfg = Debug|Any CPU
		{613D2DAB-CB13-45D7-8CD6-0CA1872ABC53}.Debug|Mixed Platforms.Build.0 = Debug|Any CPU
		{613D2DAB-CB13-45D7-8CD6-0CA1872ABC53}.Debug|Win32.ActiveCfg = Debug|Any CPU
		{613D2DAB-CB13-45D7-8CD6-0CA1872ABC53}.Release|Any CPU.ActiveCfg = Release|Any CPU
		{613D2DAB-CB13-45D7-8CD6-0CA1872ABC53}.Release|Any CPU.Build.0 = Release|Any CPU
		{613D2DAB-CB13-45D7-8CD6-0CA1872ABC53}.Release|Mixed Platforms.ActiveCfg = Release|Any CPU
		{613D2DAB-CB13-45D7-8CD6-0CA1872ABC53}.Release|Mixed Platforms.Build.0 = Release|Any CPU
		{613D2DAB-CB13-45D7-8CD6-0CA1872ABC53}.Release|Win32.ActiveCfg = Release|Any CPU
		{3C9FF356-D51C-4B63-932D-FCBA6C5CF0D2}.Debug|Any CPU.ActiveCfg = Debug|Any CPU
		{3C9FF356-D51C-4B63-932D-FCBA6C5CF0D2}.Debug|Any CPU.Build.0 = Debug|Any CPU
		{3C9FF356-D51C-4B63-932D-FCBA6C5CF0D2}.Debug|Mixed Platforms.ActiveCfg = Debug|Any CPU
		{3C9FF356-D51C-4B63-932D-FCBA6C5CF0D2}.Debug|Mixed Platforms.Build.0 = Debug|Any CPU
		{3C9FF356-D51C-4B63-932D-FCBA6C5CF0D2}.Debug|Win32.ActiveCfg = Debug|Any CPU
		{3C9FF356-D51C-4B63-932D-FCBA6C5CF0D2}.Release|Any CPU.ActiveCfg = Release|Any CPU
		{3C9FF356-D51C-4B63-932D-FCBA6C5CF0D2}.Release|Any CPU.Build.0 = Release|Any CPU
		{3C9FF356-D51C-4B63-932D-FCBA6C5CF0D2}.Release|Mixed Platforms.ActiveCfg = Release|Any CPU
		{3C9FF356-D51C-4B63-932D-FCBA6C5CF0D2}.Release|Mixed Platforms.Build.0 = Release|Any CPU
		{3C9FF356-D51C-4B63-932D-FCBA6C5CF0D2}.Release|Win32.ActiveCfg = Release|Any CPU
		{10D9151B-BA87-487A-A82A-F04245F3F2B0}.Debug|Any CPU.ActiveCfg = Debug|Any CPU
		{10D9151B-BA87-487A-A82A-F04245F3F2B0}.Debug|Any CPU.Build.0 = Debug|Any CPU
		{10D9151B-BA87-487A-A82A-F04245F3F2B0}.Debug|Mixed Platforms.ActiveCfg = Debug|Any CPU
		{10D9151B-BA87-487A-A82A-F04245F3F2B0}.Debug|Mixed Platforms.Build.0 = Debug|Any CPU
		{10D9151B-BA87-487A-A82A-F04245F3F2B0}.Debug|Win32.ActiveCfg = Debug|Any CPU
		{10D9151B-BA87-487A-A82A-F04245F3F2B0}.Release|Any CPU.ActiveCfg = Release|Any CPU
		{10D9151B-BA87-487A-A82A-F04245F3F2B0}.Release|Any CPU.Build.0 = Release|Any CPU
		{10D9151B-BA87-487A-A82A-F04245F3F2B0}.Release|Mixed Platforms.ActiveCfg = Release|Any CPU
		{10D9151B-BA87-487A-A82A-F04245F3F2B0}.Release|Mixed Platforms.Build.0 = Release|Any CPU
		{10D9151B-BA87-487A-A82A-F04245F3F2B0}.Release|Win32.ActiveCfg = Release|Any CPU
		{2FECC649-EB5A-47DC-B65C-DFF31AE80C1B}.Debug|Any CPU.ActiveCfg = Debug|Any CPU
		{2FECC649-EB5A-47DC-B65C-DFF31AE80C1B}.Debug|Any CPU.Build.0 = Debug|Any CPU
		{2FECC649-EB5A-47DC-B65C-DFF31AE80C1B}.Debug|Mixed Platforms.ActiveCfg = Debug|Any CPU
		{2FECC649-EB5A-47DC-B65C-DFF31AE80C1B}.Debug|Mixed Platforms.Build.0 = Debug|Any CPU
		{2FECC649-EB5A-47DC-B65C-DFF31AE80C1B}.Debug|Win32.ActiveCfg = Debug|Any CPU
		{2FECC649-EB5A-47DC-B65C-DFF31AE80C1B}.Release|Any CPU.ActiveCfg = Release|Any CPU
		{2FECC649-EB5A-47DC-B65C-DFF31AE80C1B}.Release|Any CPU.Build.0 = Release|Any CPU
		{2FECC649-EB5A-47DC-B65C-DFF31AE80C1B}.Release|Mixed Platforms.ActiveCfg = Release|Any CPU
		{2FECC649-EB5A-47DC-B65C-DFF31AE80C1B}.Release|Mixed Platforms.Build.0 = Release|Any CPU
		{2FECC649-EB5A-47DC-B65C-DFF31AE80C1B}.Release|Win32.ActiveCfg = Release|Any CPU
		{CEBE8776-9AEC-4465-BCD4-D017A310BE6F}.Debug|Any CPU.ActiveCfg = Debug|Win32
		{CEBE8776-9AEC-4465-BCD4-D017A310BE6F}.Debug|Mixed Platforms.ActiveCfg = Debug|Win32
		{CEBE8776-9AEC-4465-BCD4-D017A310BE6F}.Debug|Mixed Platforms.Build.0 = Debug|Win32
		{CEBE8776-9AEC-4465-BCD4-D017A310BE6F}.Debug|Win32.ActiveCfg = Debug|Win32
		{CEBE8776-9AEC-4465-BCD4-D017A310BE6F}.Debug|Win32.Build.0 = Debug|Win32
		{CEBE8776-9AEC-4465-BCD4-D017A310BE6F}.Release|Any CPU.ActiveCfg = Release|Win32
		{CEBE8776-9AEC-4465-BCD4-D017A310BE6F}.Release|Mixed Platforms.ActiveCfg = Release|Win32
		{CEBE8776-9AEC-4465-BCD4-D017A310BE6F}.Release|Mixed Platforms.Build.0 = Release|Win32
		{CEBE8776-9AEC-4465-BCD4-D017A310BE6F}.Release|Win32.ActiveCfg = Release|Win32
		{CEBE8776-9AEC-4465-BCD4-D017A310BE6F}.Release|Win32.Build.0 = Release|Win32
		{45E4093F-FDB6-41F4-B121-193535281DF6}.Debug|Any CPU.ActiveCfg = Debug|Win32
		{45E4093F-FDB6-41F4-B121-193535281DF6}.Debug|Mixed Platforms.ActiveCfg = Debug|Win32
		{45E4093F-FDB6-41F4-B121-193535281DF6}.Debug|Mixed Platforms.Build.0 = Debug|Win32
		{45E4093F-FDB6-41F4-B121-193535281DF6}.Debug|Win32.ActiveCfg = Debug|Win32
		{45E4093F-FDB6-41F4-B121-193535281DF6}.Debug|Win32.Build.0 = Debug|Win32
		{45E4093F-FDB6-41F4-B121-193535281DF6}.Release|Any CPU.ActiveCfg = Release|Win32
		{45E4093F-FDB6-41F4-B121-193535281DF6}.Release|Mixed Platforms.ActiveCfg = Release|Win32
		{45E4093F-FDB6-41F4-B121-193535281DF6}.Release|Mixed Platforms.Build.0 = Release|Win32
		{45E4093F-FDB6-41F4-B121-193535281DF6}.Release|Win32.ActiveCfg = Release|Win32
		{45E4093F-FDB6-41F4-B121-193535281DF6}.Release|Win32.Build.0 = Release|Win32
		{5C1B1575-B101-4246-8180-2995D6524761}.Debug|Any CPU.ActiveCfg = Debug|Win32
		{5C1B1575-B101-4246-8180-2995D6524761}.Debug|Mixed Platforms.ActiveCfg = Debug|Win32
		{5C1B1575-B101-4246-8180-2995D6524761}.Debug|Mixed Platforms.Build.0 = Debug|Win32
		{5C1B1575-B101-4246-8180-2995D6524761}.Debug|Win32.ActiveCfg = Debug|Win32
		{5C1B1575-B101-4246-8180-2995D6524761}.Debug|Win32.Build.0 = Debug|Win32
		{5C1B1575-B101-4246-8180-2995D6524761}.Release|Any CPU.ActiveCfg = Release|Win32
		{5C1B1575-B101-4246-8180-2995D6524761}.Release|Mixed Platforms.ActiveCfg = Release|Win32
		{5C1B1575-B101-4246-8180-2995D6524761}.Release|Mixed Platforms.Build.0 = Release|Win32
		{5C1B1575-B101-4246-8180-2995D6524761}.Release|Win32.ActiveCfg = Release|Win32
		{5C1B1575-B101-4246-8180-2995D6524761}.Release|Win32.Build.0 = Release|Win32
		{63CF2B23-858A-4148-8DE3-D4C25A20EF06}.Debug|Any CPU.ActiveCfg = Debug|Any CPU
		{63CF2B23-858A-4148-8DE3-D4C25A20EF06}.Debug|Any CPU.Build.0 = Debug|Any CPU
		{63CF2B23-858A-4148-8DE3-D4C25A20EF06}.Debug|Mixed Platforms.ActiveCfg = Debug|Any CPU
		{63CF2B23-858A-4148-8DE3-D4C25A20EF06}.Debug|Mixed Platforms.Build.0 = Debug|Any CPU
		{63CF2B23-858A-4148-8DE3-D4C25A20EF06}.Debug|Win32.ActiveCfg = Debug|Any CPU
		{63CF2B23-858A-4148-8DE3-D4C25A20EF06}.Release|Any CPU.ActiveCfg = Release|Any CPU
		{63CF2B23-858A-4148-8DE3-D4C25A20EF06}.Release|Any CPU.Build.0 = Release|Any CPU
		{63CF2B23-858A-4148-8DE3-D4C25A20EF06}.Release|Mixed Platforms.ActiveCfg = Release|Any CPU
		{63CF2B23-858A-4148-8DE3-D4C25A20EF06}.Release|Mixed Platforms.Build.0 = Release|Any CPU
		{63CF2B23-858A-4148-8DE3-D4C25A20EF06}.Release|Win32.ActiveCfg = Release|Any CPU
		{18B1FF27-678B-466B-B15A-089F648C131C}.Debug|Any CPU.ActiveCfg = Debug|Any CPU
		{18B1FF27-678B-466B-B15A-089F648C131C}.Debug|Any CPU.Build.0 = Debug|Any CPU
		{18B1FF27-678B-466B-B15A-089F648C131C}.Debug|Mixed Platforms.ActiveCfg = Debug|Any CPU
		{18B1FF27-678B-466B-B15A-089F648C131C}.Debug|Mixed Platforms.Build.0 = Debug|Any CPU
		{18B1FF27-678B-466B-B15A-089F648C131C}.Debug|Win32.ActiveCfg = Debug|Any CPU
		{18B1FF27-678B-466B-B15A-089F648C131C}.Release|Any CPU.ActiveCfg = Release|Any CPU
		{18B1FF27-678B-466B-B15A-089F648C131C}.Release|Any CPU.Build.0 = Release|Any CPU
		{18B1FF27-678B-466B-B15A-089F648C131C}.Release|Mixed Platforms.ActiveCfg = Release|Any CPU
		{18B1FF27-678B-466B-B15A-089F648C131C}.Release|Mixed Platforms.Build.0 = Release|Any CPU
		{18B1FF27-678B-466B-B15A-089F648C131C}.Release|Win32.ActiveCfg = Release|Any CPU
		{70129802-CF52-4EA5-A66B-978FEE685993}.Debug|Any CPU.ActiveCfg = Debug|Any CPU
		{70129802-CF52-4EA5-A66B-978FEE685993}.Debug|Any CPU.Build.0 = Debug|Any CPU
		{70129802-CF52-4EA5-A66B-978FEE685993}.Debug|Mixed Platforms.ActiveCfg = Debug|Any CPU
		{70129802-CF52-4EA5-A66B-978FEE685993}.Debug|Mixed Platforms.Build.0 = Debug|Any CPU
		{70129802-CF52-4EA5-A66B-978FEE685993}.Debug|Win32.ActiveCfg = Debug|Any CPU
		{70129802-CF52-4EA5-A66B-978FEE685993}.Release|Any CPU.ActiveCfg = Release|Any CPU
		{70129802-CF52-4EA5-A66B-978FEE685993}.Release|Any CPU.Build.0 = Release|Any CPU
		{70129802-CF52-4EA5-A66B-978FEE685993}.Release|Mixed Platforms.ActiveCfg = Release|Any CPU
		{70129802-CF52-4EA5-A66B-978FEE685993}.Release|Mixed Platforms.Build.0 = Release|Any CPU
		{70129802-CF52-4EA5-A66B-978FEE685993}.Release|Win32.ActiveCfg = Release|Any CPU
		{7874BCE0-4312-407C-9D36-6F8B37AF6B15}.Debug|Any CPU.ActiveCfg = Debug|Any CPU
		{7874BCE0-4312-407C-9D36-6F8B37AF6B15}.Debug|Any CPU.Build.0 = Debug|Any CPU
		{7874BCE0-4312-407C-9D36-6F8B37AF6B15}.Debug|Mixed Platforms.ActiveCfg = Debug|Any CPU
		{7874BCE0-4312-407C-9D36-6F8B37AF6B15}.Debug|Mixed Platforms.Build.0 = Debug|Any CPU
		{7874BCE0-4312-407C-9D36-6F8B37AF6B15}.Debug|Win32.ActiveCfg = Debug|Any CPU
		{7874BCE0-4312-407C-9D36-6F8B37AF6B15}.Release|Any CPU.ActiveCfg = Release|Any CPU
		{7874BCE0-4312-407C-9D36-6F8B37AF6B15}.Release|Any CPU.Build.0 = Release|Any CPU
		{7874BCE0-4312-407C-9D36-6F8B37AF6B15}.Release|Mixed Platforms.ActiveCfg = Release|Any CPU
		{7874BCE0-4312-407C-9D36-6F8B37AF6B15}.Release|Mixed Platforms.Build.0 = Release|Any CPU
		{7874BCE0-4312-407C-9D36-6F8B37AF6B15}.Release|Win32.ActiveCfg = Release|Any CPU
		{C88F7530-27EC-4CC5-B0D4-43349BA0E445}.Debug|Any CPU.ActiveCfg = Debug|Any CPU
		{C88F7530-27EC-4CC5-B0D4-43349BA0E445}.Debug|Any CPU.Build.0 = Debug|Any CPU
		{C88F7530-27EC-4CC5-B0D4-43349BA0E445}.Debug|Mixed Platforms.ActiveCfg = Debug|Any CPU
		{C88F7530-27EC-4CC5-B0D4-43349BA0E445}.Debug|Mixed Platforms.Build.0 = Debug|Any CPU
		{C88F7530-27EC-4CC5-B0D4-43349BA0E445}.Debug|Win32.ActiveCfg = Debug|Any CPU
		{C88F7530-27EC-4CC5-B0D4-43349BA0E445}.Release|Any CPU.ActiveCfg = Release|Any CPU
		{C88F7530-27EC-4CC5-B0D4-43349BA0E445}.Release|Any CPU.Build.0 = Release|Any CPU
		{C88F7530-27EC-4CC5-B0D4-43349BA0E445}.Release|Mixed Platforms.ActiveCfg = Release|Any CPU
		{C88F7530-27EC-4CC5-B0D4-43349BA0E445}.Release|Mixed Platforms.Build.0 = Release|Any CPU
		{C88F7530-27EC-4CC5-B0D4-43349BA0E445}.Release|Win32.ActiveCfg = Release|Any CPU
		{C512446B-3A1B-4508-B930-3AFCB770B9D1}.Debug|Any CPU.ActiveCfg = Debug|Any CPU
		{C512446B-3A1B-4508-B930-3AFCB770B9D1}.Debug|Any CPU.Build.0 = Debug|Any CPU
		{C512446B-3A1B-4508-B930-3AFCB770B9D1}.Debug|Mixed Platforms.ActiveCfg = Debug|Any CPU
		{C512446B-3A1B-4508-B930-3AFCB770B9D1}.Debug|Mixed Platforms.Build.0 = Debug|Any CPU
		{C512446B-3A1B-4508-B930-3AFCB770B9D1}.Debug|Win32.ActiveCfg = Debug|Any CPU
		{C512446B-3A1B-4508-B930-3AFCB770B9D1}.Release|Any CPU.ActiveCfg = Release|Any CPU
		{C512446B-3A1B-4508-B930-3AFCB770B9D1}.Release|Any CPU.Build.0 = Release|Any CPU
		{C512446B-3A1B-4508-B930-3AFCB770B9D1}.Release|Mixed Platforms.ActiveCfg = Release|Any CPU
		{C512446B-3A1B-4508-B930-3AFCB770B9D1}.Release|Mixed Platforms.Build.0 = Release|Any CPU
		{C512446B-3A1B-4508-B930-3AFCB770B9D1}.Release|Win32.ActiveCfg = Release|Any CPU
		{BC60D6DA-3466-4391-908C-229F84749627}.Debug|Any CPU.ActiveCfg = Debug|Any CPU
		{BC60D6DA-3466-4391-908C-229F84749627}.Debug|Any CPU.Build.0 = Debug|Any CPU
		{BC60D6DA-3466-4391-908C-229F84749627}.Debug|Mixed Platforms.ActiveCfg = Debug|Any CPU
		{BC60D6DA-3466-4391-908C-229F84749627}.Debug|Mixed Platforms.Build.0 = Debug|Any CPU
		{BC60D6DA-3466-4391-908C-229F84749627}.Debug|Win32.ActiveCfg = Debug|Any CPU
		{BC60D6DA-3466-4391-908C-229F84749627}.Release|Any CPU.ActiveCfg = Release|Any CPU
		{BC60D6DA-3466-4391-908C-229F84749627}.Release|Any CPU.Build.0 = Release|Any CPU
		{BC60D6DA-3466-4391-908C-229F84749627}.Release|Mixed Platforms.ActiveCfg = Release|Any CPU
		{BC60D6DA-3466-4391-908C-229F84749627}.Release|Mixed Platforms.Build.0 = Release|Any CPU
		{BC60D6DA-3466-4391-908C-229F84749627}.Release|Win32.ActiveCfg = Release|Any CPU
		{BE929749-51AE-4233-BB48-8BBAB1F8DE52}.Debug|Any CPU.ActiveCfg = Debug|Any CPU
		{BE929749-51AE-4233-BB48-8BBAB1F8DE52}.Debug|Any CPU.Build.0 = Debug|Any CPU
		{BE929749-51AE-4233-BB48-8BBAB1F8DE52}.Debug|Mixed Platforms.ActiveCfg = Debug|Any CPU
		{BE929749-51AE-4233-BB48-8BBAB1F8DE52}.Debug|Mixed Platforms.Build.0 = Debug|Any CPU
		{BE929749-51AE-4233-BB48-8BBAB1F8DE52}.Debug|Win32.ActiveCfg = Debug|Any CPU
		{BE929749-51AE-4233-BB48-8BBAB1F8DE52}.Release|Any CPU.ActiveCfg = Release|Any CPU
		{BE929749-51AE-4233-BB48-8BBAB1F8DE52}.Release|Any CPU.Build.0 = Release|Any CPU
		{BE929749-51AE-4233-BB48-8BBAB1F8DE52}.Release|Mixed Platforms.ActiveCfg = Release|Any CPU
		{BE929749-51AE-4233-BB48-8BBAB1F8DE52}.Release|Mixed Platforms.Build.0 = Release|Any CPU
		{BE929749-51AE-4233-BB48-8BBAB1F8DE52}.Release|Win32.ActiveCfg = Release|Any CPU
		{86ED667B-D20C-4DFA-91BC-F9A4FEC119CA}.Debug|Any CPU.ActiveCfg = Debug|Any CPU
		{86ED667B-D20C-4DFA-91BC-F9A4FEC119CA}.Debug|Any CPU.Build.0 = Debug|Any CPU
		{86ED667B-D20C-4DFA-91BC-F9A4FEC119CA}.Debug|Mixed Platforms.ActiveCfg = Debug|Any CPU
		{86ED667B-D20C-4DFA-91BC-F9A4FEC119CA}.Debug|Mixed Platforms.Build.0 = Debug|Any CPU
		{86ED667B-D20C-4DFA-91BC-F9A4FEC119CA}.Debug|Win32.ActiveCfg = Debug|Any CPU
		{86ED667B-D20C-4DFA-91BC-F9A4FEC119CA}.Release|Any CPU.ActiveCfg = Release|Any CPU
		{86ED667B-D20C-4DFA-91BC-F9A4FEC119CA}.Release|Any CPU.Build.0 = Release|Any CPU
		{86ED667B-D20C-4DFA-91BC-F9A4FEC119CA}.Release|Mixed Platforms.ActiveCfg = Release|Any CPU
		{86ED667B-D20C-4DFA-91BC-F9A4FEC119CA}.Release|Mixed Platforms.Build.0 = Release|Any CPU
		{86ED667B-D20C-4DFA-91BC-F9A4FEC119CA}.Release|Win32.ActiveCfg = Release|Any CPU
	EndGlobalSection
	GlobalSection(SolutionProperties) = preSolution
		HideSolutionNode = FALSE
	EndGlobalSection
	GlobalSection(NestedProjects) = preSolution
		{1FC1A479-43BA-475B-BABD-83CB2D17894C} = {A719C630-DBE2-436E-9E00-48814C86586C}
		{DC72A538-0702-4139-B687-AF990CCEF25E} = {D222E2EA-85C1-40F5-B730-3428321B08CD}
		{7BA942BD-BCB5-4720-BB29-143897358C83} = {398AE864-2C12-43C2-B863-7D4FAC04D961}
		{0242B059-3694-49F7-B886-4767C8ED28DA} = {CDCEC450-AFB6-4A4A-9183-A0E9BCDA05DA}
		{C793F521-3A5F-432C-B1A2-9468F22BCCFA} = {398AE864-2C12-43C2-B863-7D4FAC04D961}
		{A5988DDB-D758-4B13-8A3D-B738407FBB58} = {317C9AFA-97F6-4C1C-A6A7-D14ABB1E1816}
		{CBEAF301-002C-4ACD-8409-F9A56F51CC76} = {317C9AFA-97F6-4C1C-A6A7-D14ABB1E1816}
		{317C9AFA-97F6-4C1C-A6A7-D14ABB1E1816} = {A719C630-DBE2-436E-9E00-48814C86586C}
		{3C9FF356-D51C-4B63-932D-FCBA6C5CF0D2} = {FCB0B09B-15BD-4B0D-8447-A8F565179035}
		{10D9151B-BA87-487A-A82A-F04245F3F2B0} = {19DFE03C-1419-4726-BE39-3F3D595FE0EA}
		{2FECC649-EB5A-47DC-B65C-DFF31AE80C1B} = {19DFE03C-1419-4726-BE39-3F3D595FE0EA}
		{CEBE8776-9AEC-4465-BCD4-D017A310BE6F} = {A719C630-DBE2-436E-9E00-48814C86586C}
		{45E4093F-FDB6-41F4-B121-193535281DF6} = {A719C630-DBE2-436E-9E00-48814C86586C}
		{5C1B1575-B101-4246-8180-2995D6524761} = {A719C630-DBE2-436E-9E00-48814C86586C}
		{63CF2B23-858A-4148-8DE3-D4C25A20EF06} = {FCB0B09B-15BD-4B0D-8447-A8F565179035}
		{18B1FF27-678B-466B-B15A-089F648C131C} = {FCB0B09B-15BD-4B0D-8447-A8F565179035}
		{70129802-CF52-4EA5-A66B-978FEE685993} = {56215BF1-C233-40B4-A3DA-2A5C0AFA94AE}
		{56215BF1-C233-40B4-A3DA-2A5C0AFA94AE} = {D222E2EA-85C1-40F5-B730-3428321B08CD}
		{19DFE03C-1419-4726-BE39-3F3D595FE0EA} = {D222E2EA-85C1-40F5-B730-3428321B08CD}
		{FCB0B09B-15BD-4B0D-8447-A8F565179035} = {D222E2EA-85C1-40F5-B730-3428321B08CD}
		{398AE864-2C12-43C2-B863-7D4FAC04D961} = {D222E2EA-85C1-40F5-B730-3428321B08CD}
		{83D8BD93-D33C-45D3-884E-A096FFDE5337} = {6BDACFC5-EB80-4727-85DB-056671A506BF}
		{7874BCE0-4312-407C-9D36-6F8B37AF6B15} = {50ECEEDB-C48D-45F1-9473-5C857F99D923}
		{C88F7530-27EC-4CC5-B0D4-43349BA0E445} = {50ECEEDB-C48D-45F1-9473-5C857F99D923}
		{C512446B-3A1B-4508-B930-3AFCB770B9D1} = {50ECEEDB-C48D-45F1-9473-5C857F99D923}
		{BC60D6DA-3466-4391-908C-229F84749627} = {50ECEEDB-C48D-45F1-9473-5C857F99D923}
		{BE929749-51AE-4233-BB48-8BBAB1F8DE52} = {50ECEEDB-C48D-45F1-9473-5C857F99D923}
		{86ED667B-D20C-4DFA-91BC-F9A4FEC119CA} = {50ECEEDB-C48D-45F1-9473-5C857F99D923}
	EndGlobalSection
EndGlobal
